// !$*UTF8*$!
{
	archiveVersion = 1;
	classes = {
	};
	objectVersion = 45;
	objects = {

/* Begin PBXBuildFile section */
		1D3623260D0F684500981E51 /* TouchRSS_iPhoneAppDelegate.m in Sources */ = {isa = PBXBuildFile; fileRef = 1D3623250D0F684500981E51 /* TouchRSS_iPhoneAppDelegate.m */; };
		1D60589B0D05DD56006BFB54 /* main.m in Sources */ = {isa = PBXBuildFile; fileRef = 29B97316FDCFA39411CA2CEA /* main.m */; };
		1D60589F0D05DD5A006BFB54 /* Foundation.framework in Frameworks */ = {isa = PBXBuildFile; fileRef = 1D30AB110D05D00D00671497 /* Foundation.framework */; };
		1DF5F4E00D08C38300B7A737 /* UIKit.framework in Frameworks */ = {isa = PBXBuildFile; fileRef = 1DF5F4DF0D08C38300B7A737 /* UIKit.framework */; };
		2892E4100DC94CBA00A64D0F /* CoreGraphics.framework in Frameworks */ = {isa = PBXBuildFile; fileRef = 2892E40F0DC94CBA00A64D0F /* CoreGraphics.framework */; };
		28AD73600D9D9599002E5188 /* MainWindow.xib in Resources */ = {isa = PBXBuildFile; fileRef = 28AD735F0D9D9599002E5188 /* MainWindow.xib */; };
		451C91590FC0A3C400DEDE79 /* Geometry.m in Sources */ = {isa = PBXBuildFile; fileRef = 451C90AB0FC0A3C400DEDE79 /* Geometry.m */; };
		451C915C0FC0A3C400DEDE79 /* QuartzConvenienceFunctions.m in Sources */ = {isa = PBXBuildFile; fileRef = 451C90B30FC0A3C400DEDE79 /* QuartzConvenienceFunctions.m */; };
		451C915D0FC0A3C400DEDE79 /* QuartzUtilities.m in Sources */ = {isa = PBXBuildFile; fileRef = 451C90B50FC0A3C400DEDE79 /* QuartzUtilities.m */; };
		451C915E0FC0A3C400DEDE79 /* CWindowViewFlipper.m in Sources */ = {isa = PBXBuildFile; fileRef = 451C90B90FC0A3C400DEDE79 /* CWindowViewFlipper.m */; };
		451C915F0FC0A3C400DEDE79 /* CGenericHelperViewController.m in Sources */ = {isa = PBXBuildFile; fileRef = 451C90BC0FC0A3C400DEDE79 /* CGenericHelperViewController.m */; };
		451C91600FC0A3C400DEDE79 /* CGenericTextViewController.m in Sources */ = {isa = PBXBuildFile; fileRef = 451C90BE0FC0A3C400DEDE79 /* CGenericTextViewController.m */; };
		451C91610FC0A3C400DEDE79 /* CTableViewController.m in Sources */ = {isa = PBXBuildFile; fileRef = 451C90C00FC0A3C400DEDE79 /* CTableViewController.m */; };
		451C91620FC0A3C400DEDE79 /* browser-back.png in Resources */ = {isa = PBXBuildFile; fileRef = 451C90C20FC0A3C400DEDE79 /* browser-back.png */; };
		451C91630FC0A3C400DEDE79 /* browser-forward.png in Resources */ = {isa = PBXBuildFile; fileRef = 451C90C30FC0A3C400DEDE79 /* browser-forward.png */; };
		451C91640FC0A3C400DEDE79 /* browser-home.png in Resources */ = {isa = PBXBuildFile; fileRef = 451C90C40FC0A3C400DEDE79 /* browser-home.png */; };
		451C91650FC0A3C400DEDE79 /* CWebViewController.m in Sources */ = {isa = PBXBuildFile; fileRef = 451C90C60FC0A3C400DEDE79 /* CWebViewController.m */; };
		451C91660FC0A3C400DEDE79 /* CWebViewController.xib in Resources */ = {isa = PBXBuildFile; fileRef = 451C90C70FC0A3C400DEDE79 /* CWebViewController.xib */; };
		451C91670FC0A3C400DEDE79 /* CEventHandler.m in Sources */ = {isa = PBXBuildFile; fileRef = 451C90CA0FC0A3C400DEDE79 /* CEventHandler.m */; };
		451C91680FC0A3C400DEDE79 /* UIColor_MoreExtensions.m in Sources */ = {isa = PBXBuildFile; fileRef = 451C90CD0FC0A3C400DEDE79 /* UIColor_MoreExtensions.m */; };
		451C91690FC0A3C400DEDE79 /* UIImage_Extensions.m in Sources */ = {isa = PBXBuildFile; fileRef = 451C90CF0FC0A3C400DEDE79 /* UIImage_Extensions.m */; };
		451C916A0FC0A3C400DEDE79 /* UIViewController_ErrorExtensions.m in Sources */ = {isa = PBXBuildFile; fileRef = 451C90D10FC0A3C400DEDE79 /* UIViewController_ErrorExtensions.m */; };
		451C916C0FC0A3C400DEDE79 /* CImageProvider.m in Sources */ = {isa = PBXBuildFile; fileRef = 451C90D60FC0A3C400DEDE79 /* CImageProvider.m */; };
		451C916D0FC0A3C400DEDE79 /* CImageViewer.m in Sources */ = {isa = PBXBuildFile; fileRef = 451C90D80FC0A3C400DEDE79 /* CImageViewer.m */; };
		451C916E0FC0A3C400DEDE79 /* CLoadingImageView.m in Sources */ = {isa = PBXBuildFile; fileRef = 451C90DA0FC0A3C400DEDE79 /* CLoadingImageView.m */; };
		451C916F0FC0A3C400DEDE79 /* UIImage_ThumbnailExtensions.m in Sources */ = {isa = PBXBuildFile; fileRef = 451C90DC0FC0A3C400DEDE79 /* UIImage_ThumbnailExtensions.m */; };
		451C91700FC0A3C400DEDE79 /* CLabelledTextFieldCell.m in Sources */ = {isa = PBXBuildFile; fileRef = 451C90DF0FC0A3C400DEDE79 /* CLabelledTextFieldCell.m */; };
		451C91710FC0A3C400DEDE79 /* CLabelledTextFieldCell.xib in Resources */ = {isa = PBXBuildFile; fileRef = 451C90E00FC0A3C400DEDE79 /* CLabelledTextFieldCell.xib */; };
		451C91720FC0A3C400DEDE79 /* CLabelledContentTableViewCell.m in Sources */ = {isa = PBXBuildFile; fileRef = 451C90E30FC0A3C400DEDE79 /* CLabelledContentTableViewCell.m */; };
		451C91730FC0A3C400DEDE79 /* CLabelledValueTableViewCell.m in Sources */ = {isa = PBXBuildFile; fileRef = 451C90E50FC0A3C400DEDE79 /* CLabelledValueTableViewCell.m */; };
		451C91740FC0A3C400DEDE79 /* CMyTableViewCell.m in Sources */ = {isa = PBXBuildFile; fileRef = 451C90E70FC0A3C400DEDE79 /* CMyTableViewCell.m */; };
		451C91750FC0A3C400DEDE79 /* CSwitchTableViewCell.m in Sources */ = {isa = PBXBuildFile; fileRef = 451C90E90FC0A3C400DEDE79 /* CSwitchTableViewCell.m */; };
		451C91760FC0A3C400DEDE79 /* CSwitchTableViewCell.xib in Resources */ = {isa = PBXBuildFile; fileRef = 451C90EA0FC0A3C400DEDE79 /* CSwitchTableViewCell.xib */; };
		451C91770FC0A3C400DEDE79 /* CTextViewCell.m in Sources */ = {isa = PBXBuildFile; fileRef = 451C90EC0FC0A3C400DEDE79 /* CTextViewCell.m */; };
		451C91780FC0A3C400DEDE79 /* CTextViewCell.xib in Resources */ = {isa = PBXBuildFile; fileRef = 451C90ED0FC0A3C400DEDE79 /* CTextViewCell.xib */; };
		451C91790FC0A3C400DEDE79 /* LabelledValueTableViewCell.xib in Resources */ = {isa = PBXBuildFile; fileRef = 451C90EE0FC0A3C400DEDE79 /* LabelledValueTableViewCell.xib */; };
		451C917A0FC0A3C400DEDE79 /* UITableViewCell_ConvenienceExtensions.m in Sources */ = {isa = PBXBuildFile; fileRef = 451C90F00FC0A3C400DEDE79 /* UITableViewCell_ConvenienceExtensions.m */; };
		451C917B0FC0A3C400DEDE79 /* CManagedTableViewController.m in Sources */ = {isa = PBXBuildFile; fileRef = 451C90F30FC0A3C400DEDE79 /* CManagedTableViewController.m */; };
		451C917C0FC0A3C400DEDE79 /* CTableRow.m in Sources */ = {isa = PBXBuildFile; fileRef = 451C90F50FC0A3C400DEDE79 /* CTableRow.m */; };
		451C917D0FC0A3C400DEDE79 /* CTableSection.m in Sources */ = {isa = PBXBuildFile; fileRef = 451C90F70FC0A3C400DEDE79 /* CTableSection.m */; };
		451C917E0FC0A3C400DEDE79 /* CBetterAlertView.m in Sources */ = {isa = PBXBuildFile; fileRef = 451C90FA0FC0A3C400DEDE79 /* CBetterAlertView.m */; };
		451C917F0FC0A3C400DEDE79 /* CBorderView.m in Sources */ = {isa = PBXBuildFile; fileRef = 451C90FC0FC0A3C400DEDE79 /* CBorderView.m */; };
		451C91820FC0A3C400DEDE79 /* CLayoutManagedView.m in Sources */ = {isa = PBXBuildFile; fileRef = 451C91020FC0A3C400DEDE79 /* CLayoutManagedView.m */; };
		451C91830FC0A3C400DEDE79 /* CLinkActionSheet.m in Sources */ = {isa = PBXBuildFile; fileRef = 451C91040FC0A3C400DEDE79 /* CLinkActionSheet.m */; };
		451C91840FC0A3C400DEDE79 /* CLinkLabel.m in Sources */ = {isa = PBXBuildFile; fileRef = 451C91060FC0A3C400DEDE79 /* CLinkLabel.m */; };
		451C91850FC0A3C400DEDE79 /* CProgressOverlayView.m in Sources */ = {isa = PBXBuildFile; fileRef = 451C91080FC0A3C400DEDE79 /* CProgressOverlayView.m */; };
		451C91860FC0A3C400DEDE79 /* CrossSwitchButton.png in Resources */ = {isa = PBXBuildFile; fileRef = 451C91090FC0A3C400DEDE79 /* CrossSwitchButton.png */; };
		451C91870FC0A3C400DEDE79 /* CTapView.m in Sources */ = {isa = PBXBuildFile; fileRef = 451C910B0FC0A3C400DEDE79 /* CTapView.m */; };
		451C91880FC0A3C400DEDE79 /* UIView_LayoutExtensions.m in Sources */ = {isa = PBXBuildFile; fileRef = 451C910D0FC0A3C400DEDE79 /* UIView_LayoutExtensions.m */; };
		451C91910FC0A3C400DEDE79 /* Base64Transcoder.c in Sources */ = {isa = PBXBuildFile; fileRef = 451C91220FC0A3C400DEDE79 /* Base64Transcoder.c */; };
		451C91920FC0A3C400DEDE79 /* CHumanDateFormatter.m in Sources */ = {isa = PBXBuildFile; fileRef = 451C91250FC0A3C400DEDE79 /* CHumanDateFormatter.m */; };
		451C91930FC0A3C400DEDE79 /* CKeyValueStore.m in Sources */ = {isa = PBXBuildFile; fileRef = 451C91270FC0A3C400DEDE79 /* CKeyValueStore.m */; };
		451C91940FC0A3C400DEDE79 /* CLazyCache.m in Sources */ = {isa = PBXBuildFile; fileRef = 451C91290FC0A3C400DEDE79 /* CLazyCache.m */; };
		451C91950FC0A3C400DEDE79 /* CPointerArray.m in Sources */ = {isa = PBXBuildFile; fileRef = 451C912B0FC0A3C400DEDE79 /* CPointerArray.m */; };
		451C91960FC0A3C400DEDE79 /* CTempFile.m in Sources */ = {isa = PBXBuildFile; fileRef = 451C912D0FC0A3C400DEDE79 /* CTempFile.m */; };
		451C91970FC0A3C400DEDE79 /* CTrivialTemplate.m in Sources */ = {isa = PBXBuildFile; fileRef = 451C912F0FC0A3C400DEDE79 /* CTrivialTemplate.m */; };
		451C91980FC0A3C400DEDE79 /* CValueTransformer.m in Sources */ = {isa = PBXBuildFile; fileRef = 451C91310FC0A3C400DEDE79 /* CValueTransformer.m */; };
		451C91990FC0A3C400DEDE79 /* NSDate_InternetDateExtensions.m in Sources */ = {isa = PBXBuildFile; fileRef = 451C91350FC0A3C400DEDE79 /* NSDate_InternetDateExtensions.m */; };
		451C919A0FC0A3C400DEDE79 /* NSDateFormatter_InternetDateExtensions.m in Sources */ = {isa = PBXBuildFile; fileRef = 451C91370FC0A3C400DEDE79 /* NSDateFormatter_InternetDateExtensions.m */; };
		451C919B0FC0A3C400DEDE79 /* NSFileManager_Extensions.m in Sources */ = {isa = PBXBuildFile; fileRef = 451C91390FC0A3C400DEDE79 /* NSFileManager_Extensions.m */; };
		451C919C0FC0A3C400DEDE79 /* NSIndexPath_Extensions.m in Sources */ = {isa = PBXBuildFile; fileRef = 451C913B0FC0A3C400DEDE79 /* NSIndexPath_Extensions.m */; };
		451C919D0FC0A3C400DEDE79 /* NSScanner_Extensions.m in Sources */ = {isa = PBXBuildFile; fileRef = 451C913D0FC0A3C400DEDE79 /* NSScanner_Extensions.m */; };
		451C919E0FC0A3C400DEDE79 /* NSScanner_HTMLExtensions.m in Sources */ = {isa = PBXBuildFile; fileRef = 451C913F0FC0A3C400DEDE79 /* NSScanner_HTMLExtensions.m */; };
		451C919F0FC0A3C400DEDE79 /* NSString_Extensions.m in Sources */ = {isa = PBXBuildFile; fileRef = 451C91410FC0A3C400DEDE79 /* NSString_Extensions.m */; };
		451C91A00FC0A3C400DEDE79 /* NSURL_Extensions.m in Sources */ = {isa = PBXBuildFile; fileRef = 451C91430FC0A3C400DEDE79 /* NSURL_Extensions.m */; };
		451C91A10FC0A3C400DEDE79 /* NSURL_JSONExtensions.m in Sources */ = {isa = PBXBuildFile; fileRef = 451C91450FC0A3C400DEDE79 /* NSURL_JSONExtensions.m */; };
		451C91A20FC0A3C400DEDE79 /* NSValue_Extensions.m in Sources */ = {isa = PBXBuildFile; fileRef = 451C91470FC0A3C400DEDE79 /* NSValue_Extensions.m */; };
		451C91A30FC0A3C400DEDE79 /* CInvocationGrabber.m in Sources */ = {isa = PBXBuildFile; fileRef = 451C914A0FC0A3C400DEDE79 /* CInvocationGrabber.m */; };
		451C91A40FC0A3C400DEDE79 /* NSObject_InvocationGrabberExtensions.m in Sources */ = {isa = PBXBuildFile; fileRef = 451C914C0FC0A3C400DEDE79 /* NSObject_InvocationGrabberExtensions.m */; };
		451C91A50FC0A3C400DEDE79 /* CBundleResourceURLProtocol.m in Sources */ = {isa = PBXBuildFile; fileRef = 451C914F0FC0A3C400DEDE79 /* CBundleResourceURLProtocol.m */; };
		451C92130FC0A6DC00DEDE79 /* CCompletionTicket.m in Sources */ = {isa = PBXBuildFile; fileRef = 451C91F70FC0A6DC00DEDE79 /* CCompletionTicket.m */; };
		451C92140FC0A6DC00DEDE79 /* CFileBasedManagedURLConnection.m in Sources */ = {isa = PBXBuildFile; fileRef = 451C91F90FC0A6DC00DEDE79 /* CFileBasedManagedURLConnection.m */; };
		451C92150FC0A6DC00DEDE79 /* CManagedURLConnection.m in Sources */ = {isa = PBXBuildFile; fileRef = 451C91FB0FC0A6DC00DEDE79 /* CManagedURLConnection.m */; };
		451C92160FC0A6DC00DEDE79 /* CURLConnectionManager.m in Sources */ = {isa = PBXBuildFile; fileRef = 451C91FD0FC0A6DC00DEDE79 /* CURLConnectionManager.m */; };
		451C92170FC0A6DC00DEDE79 /* CURLConnectionManagerChannel.m in Sources */ = {isa = PBXBuildFile; fileRef = 451C91FF0FC0A6DC00DEDE79 /* CURLConnectionManagerChannel.m */; };
		451C92180FC0A6DC00DEDE79 /* CNetworkActivityManager.m in Sources */ = {isa = PBXBuildFile; fileRef = 451C92020FC0A6DC00DEDE79 /* CNetworkActivityManager.m */; };
		457843ED0F6ACD0000DD4148 /* CSqliteDatabase.m in Sources */ = {isa = PBXBuildFile; fileRef = 457843BC0F6ACD0000DD4148 /* CSqliteDatabase.m */; };
		457843EE0F6ACD0000DD4148 /* CSqliteDatabase_Extensions.m in Sources */ = {isa = PBXBuildFile; fileRef = 457843BE0F6ACD0000DD4148 /* CSqliteDatabase_Extensions.m */; };
		457843EF0F6ACD0000DD4148 /* CSqliteDatabase_Functions.m in Sources */ = {isa = PBXBuildFile; fileRef = 457843C00F6ACD0000DD4148 /* CSqliteDatabase_Functions.m */; };
		457843F00F6ACD0000DD4148 /* CSqliteEnumerator.m in Sources */ = {isa = PBXBuildFile; fileRef = 457843C20F6ACD0000DD4148 /* CSqliteEnumerator.m */; };
		457843F10F6ACD0000DD4148 /* CSqliteStatement.m in Sources */ = {isa = PBXBuildFile; fileRef = 457843C40F6ACD0000DD4148 /* CSqliteStatement.m */; };
		457843F20F6ACD0000DD4148 /* CSqliteDatabase_Deprecated.m in Sources */ = {isa = PBXBuildFile; fileRef = 457843C70F6ACD0000DD4148 /* CSqliteDatabase_Deprecated.m */; };
		457843F30F6ACD0000DD4148 /* CObjectTranscoder.m in Sources */ = {isa = PBXBuildFile; fileRef = 457843CA0F6ACD0000DD4148 /* CObjectTranscoder.m */; };
		457843F40F6ACD0000DD4148 /* CPersistentObject.m in Sources */ = {isa = PBXBuildFile; fileRef = 457843CC0F6ACD0000DD4148 /* CPersistentObject.m */; };
		457843F50F6ACD0000DD4148 /* CPersistentObjectManager.m in Sources */ = {isa = PBXBuildFile; fileRef = 457843CE0F6ACD0000DD4148 /* CPersistentObjectManager.m */; };
		457843F60F6ACD0000DD4148 /* CRandomAccessTemporaryTable.m in Sources */ = {isa = PBXBuildFile; fileRef = 457843D00F6ACD0000DD4148 /* CRandomAccessTemporaryTable.m */; };
		457843F70F6ACD0000DD4148 /* NSArray_SqlExtensions.m in Sources */ = {isa = PBXBuildFile; fileRef = 457843D30F6ACD0000DD4148 /* NSArray_SqlExtensions.m */; };
		457843F80F6ACD0000DD4148 /* NSData_SqlExtensions.m in Sources */ = {isa = PBXBuildFile; fileRef = 457843D50F6ACD0000DD4148 /* NSData_SqlExtensions.m */; };
		457843F90F6ACD0000DD4148 /* NSDate_SqlExtension.m in Sources */ = {isa = PBXBuildFile; fileRef = 457843D70F6ACD0000DD4148 /* NSDate_SqlExtension.m */; };
		457843FA0F6ACD0000DD4148 /* NSDictionary_SqlExtensions.m in Sources */ = {isa = PBXBuildFile; fileRef = 457843D90F6ACD0000DD4148 /* NSDictionary_SqlExtensions.m */; };
		457843FB0F6ACD0000DD4148 /* NSString_SqlExtensions.m in Sources */ = {isa = PBXBuildFile; fileRef = 457843DB0F6ACD0000DD4148 /* NSString_SqlExtensions.m */; };
		458CE8960ED70F3C00D77DCA /* FeedStore.sql in Sources */ = {isa = PBXBuildFile; fileRef = 458CE8950ED70F3C00D77DCA /* FeedStore.sql */; };
		458CE9010ED713DB00D77DCA /* CFeedsViewController.m in Sources */ = {isa = PBXBuildFile; fileRef = 458CE9000ED713DB00D77DCA /* CFeedsViewController.m */; };
		458CE9040ED7140300D77DCA /* CDemoFeedStore.m in Sources */ = {isa = PBXBuildFile; fileRef = 458CE9030ED7140300D77DCA /* CDemoFeedStore.m */; };
		458CE90E0ED7157B00D77DCA /* FeedsViewController.xib in Resources */ = {isa = PBXBuildFile; fileRef = 458CE90D0ED7157B00D77DCA /* FeedsViewController.xib */; };
		458CEC280ED7385D00D77DCA /* snapback.png in Resources */ = {isa = PBXBuildFile; fileRef = 458CEC270ED7385D00D77DCA /* snapback.png */; };
		458CED010ED7423400D77DCA /* bg.png in Resources */ = {isa = PBXBuildFile; fileRef = 458CECD70ED7423400D77DCA /* bg.png */; };
		458CED080ED7423400D77DCA /* entry.css in Resources */ = {isa = PBXBuildFile; fileRef = 458CECDE0ED7423400D77DCA /* entry.css */; };
		458CED090ED7423400D77DCA /* entry_view.js in Sources */ = {isa = PBXBuildFile; fileRef = 458CECDF0ED7423400D77DCA /* entry_view.js */; };
		458CED0B0ED7423400D77DCA /* event_buttonbg.png in Resources */ = {isa = PBXBuildFile; fileRef = 458CECE10ED7423400D77DCA /* event_buttonbg.png */; };
		458CED0C0ED7423400D77DCA /* events.css in Resources */ = {isa = PBXBuildFile; fileRef = 458CECE20ED7423400D77DCA /* events.css */; };
		458CED150ED7423400D77DCA /* issues_header.jpg in Resources */ = {isa = PBXBuildFile; fileRef = 458CECEB0ED7423400D77DCA /* issues_header.jpg */; };
		458CED160ED7423400D77DCA /* jquery-1.2.6.min.js in Sources */ = {isa = PBXBuildFile; fileRef = 458CECEC0ED7423400D77DCA /* jquery-1.2.6.min.js */; };
		458CED170ED7423400D77DCA /* pdf_icon.png in Resources */ = {isa = PBXBuildFile; fileRef = 458CECED0ED7423400D77DCA /* pdf_icon.png */; };
		458CED190ED7423400D77DCA /* rcbgbottom.png in Resources */ = {isa = PBXBuildFile; fileRef = 458CECEF0ED7423400D77DCA /* rcbgbottom.png */; };
		458CED1A0ED7423400D77DCA /* rcbgtop.png in Resources */ = {isa = PBXBuildFile; fileRef = 458CECF00ED7423400D77DCA /* rcbgtop.png */; };
		458CED220ED7423400D77DCA /* template_news.html in Resources */ = {isa = PBXBuildFile; fileRef = 458CECF80ED7423400D77DCA /* template_news.html */; };
		458CED280ED7423400D77DCA /* whiteclearbuttonlong.png in Resources */ = {isa = PBXBuildFile; fileRef = 458CECFE0ED7423400D77DCA /* whiteclearbuttonlong.png */; };
		45FFD6BD0E999890003FFB32 /* CFeed.m in Sources */ = {isa = PBXBuildFile; fileRef = 45FFD6A50E999890003FFB32 /* CFeed.m */; };
		45FFD6BE0E999890003FFB32 /* CFeedEntry.m in Sources */ = {isa = PBXBuildFile; fileRef = 45FFD6A70E999890003FFB32 /* CFeedEntry.m */; };
		45FFD6C00E999890003FFB32 /* CFeedStore.m in Sources */ = {isa = PBXBuildFile; fileRef = 45FFD6AB0E999890003FFB32 /* CFeedStore.m */; };
		45FFD6C40E999890003FFB32 /* CRSSFeedDeserializer.m in Sources */ = {isa = PBXBuildFile; fileRef = 45FFD6B50E999890003FFB32 /* CRSSFeedDeserializer.m */; };
		45FFD6C50E999890003FFB32 /* RSSKeywords.gperf in Resources */ = {isa = PBXBuildFile; fileRef = 45FFD6B60E999890003FFB32 /* RSSKeywords.gperf */; };
		45FFD6C60E999890003FFB32 /* RSSKeywords.m in Sources */ = {isa = PBXBuildFile; fileRef = 45FFD6B80E999890003FFB32 /* RSSKeywords.m */; };
		45FFD9680E99989F003FFB32 /* CXMLDocument.m in Sources */ = {isa = PBXBuildFile; fileRef = 45FFD6CD0E99989D003FFB32 /* CXMLDocument.m */; };
		45FFD9690E99989F003FFB32 /* CXMLDocument_PrivateExtensions.m in Sources */ = {isa = PBXBuildFile; fileRef = 45FFD6CF0E99989D003FFB32 /* CXMLDocument_PrivateExtensions.m */; };
		45FFD96A0E99989F003FFB32 /* CXMLElement.m in Sources */ = {isa = PBXBuildFile; fileRef = 45FFD6D10E99989D003FFB32 /* CXMLElement.m */; };
		45FFD96B0E99989F003FFB32 /* CXMLNode.m in Sources */ = {isa = PBXBuildFile; fileRef = 45FFD6D30E99989D003FFB32 /* CXMLNode.m */; };
		45FFD96C0E99989F003FFB32 /* CXMLNode_PrivateExtensions.m in Sources */ = {isa = PBXBuildFile; fileRef = 45FFD6D50E99989D003FFB32 /* CXMLNode_PrivateExtensions.m */; };
		45FFD96D0E99989F003FFB32 /* CXMLNode_XPathExtensions.m in Sources */ = {isa = PBXBuildFile; fileRef = 45FFD6D70E99989D003FFB32 /* CXMLNode_XPathExtensions.m */; };
		45FFDCAC0E9999EE003FFB32 /* CEntriesViewController.m in Sources */ = {isa = PBXBuildFile; fileRef = 45FFDCA80E9999EE003FFB32 /* CEntriesViewController.m */; };
		45FFDCAD0E9999EE003FFB32 /* CEntryTableViewCell.m in Sources */ = {isa = PBXBuildFile; fileRef = 45FFDCAA0E9999EE003FFB32 /* CEntryTableViewCell.m */; };
		45FFDCF10E999ACC003FFB32 /* CEntryWebViewController.m in Sources */ = {isa = PBXBuildFile; fileRef = 45FFDCAB0E9999EE003FFB32 /* CEntryWebViewController.m */; };
		45FFDD270E999F98003FFB32 /* CEntriesViewController.xib in Resources */ = {isa = PBXBuildFile; fileRef = 45FFDD260E999F98003FFB32 /* CEntriesViewController.xib */; };
		45FFDD460E99A067003FFB32 /* CEntryTableViewCell.xib in Resources */ = {isa = PBXBuildFile; fileRef = 45FFDD450E99A067003FFB32 /* CEntryTableViewCell.xib */; };
		45FFDD620E99A16B003FFB32 /* CFeedFetcher.m in Sources */ = {isa = PBXBuildFile; fileRef = 45FFDD610E99A16B003FFB32 /* CFeedFetcher.m */; };
/* End PBXBuildFile section */

/* Begin PBXBuildRule section */
		458CE8C30ED70F9500D77DCA /* PBXBuildRule */ = {
			isa = PBXBuildRule;
			compilerSpec = com.apple.compilers.proxy.script;
			filePatterns = "*.sql";
			fileType = pattern.proxy;
			isEditable = 1;
			outputFiles = (
				"\"$TARGET_BUILD_DIR/$UNLOCALIZED_RESOURCES_FOLDER_PATH/$INPUT_FILE_BASE.db\"",
			);
			script = "OUTPUT_FILE_PATH=$TARGET_BUILD_DIR/$UNLOCALIZED_RESOURCES_FOLDER_PATH/$INPUT_FILE_BASE.db\nif [ -f \"$OUTPUT_FILE_PATH\" ]\nthen\n\trm \"$OUTPUT_FILE_PATH\"\nfi\nsqlite3 \"$OUTPUT_FILE_PATH\" < \"$INPUT_FILE_PATH\" ";
		};
/* End PBXBuildRule section */

/* Begin PBXFileReference section */
		1D30AB110D05D00D00671497 /* Foundation.framework */ = {isa = PBXFileReference; lastKnownFileType = wrapper.framework; name = Foundation.framework; path = System/Library/Frameworks/Foundation.framework; sourceTree = SDKROOT; };
		1D3623240D0F684500981E51 /* TouchRSS_iPhoneAppDelegate.h */ = {isa = PBXFileReference; fileEncoding = 4; lastKnownFileType = sourcecode.c.h; path = TouchRSS_iPhoneAppDelegate.h; sourceTree = "<group>"; };
		1D3623250D0F684500981E51 /* TouchRSS_iPhoneAppDelegate.m */ = {isa = PBXFileReference; fileEncoding = 4; lastKnownFileType = sourcecode.c.objc; path = TouchRSS_iPhoneAppDelegate.m; sourceTree = "<group>"; };
		1D6058910D05DD3D006BFB54 /* TouchRSS_iPhone.app */ = {isa = PBXFileReference; explicitFileType = wrapper.application; includeInIndex = 0; path = TouchRSS_iPhone.app; sourceTree = BUILT_PRODUCTS_DIR; };
		1DF5F4DF0D08C38300B7A737 /* UIKit.framework */ = {isa = PBXFileReference; lastKnownFileType = wrapper.framework; name = UIKit.framework; path = System/Library/Frameworks/UIKit.framework; sourceTree = SDKROOT; };
		2892E40F0DC94CBA00A64D0F /* CoreGraphics.framework */ = {isa = PBXFileReference; lastKnownFileType = wrapper.framework; name = CoreGraphics.framework; path = System/Library/Frameworks/CoreGraphics.framework; sourceTree = SDKROOT; };
		28A0AAE50D9B0CCF005BE974 /* TouchRSS_iPhone_Prefix.pch */ = {isa = PBXFileReference; fileEncoding = 4; lastKnownFileType = sourcecode.c.h; path = TouchRSS_iPhone_Prefix.pch; sourceTree = "<group>"; };
		28AD735F0D9D9599002E5188 /* MainWindow.xib */ = {isa = PBXFileReference; lastKnownFileType = file.xib; path = MainWindow.xib; sourceTree = "<group>"; };
		29B97316FDCFA39411CA2CEA /* main.m */ = {isa = PBXFileReference; fileEncoding = 4; lastKnownFileType = sourcecode.c.objc; path = main.m; sourceTree = "<group>"; };
		451C90AA0FC0A3C400DEDE79 /* Geometry.h */ = {isa = PBXFileReference; fileEncoding = 4; lastKnownFileType = sourcecode.c.h; path = Geometry.h; sourceTree = "<group>"; };
		451C90AB0FC0A3C400DEDE79 /* Geometry.m */ = {isa = PBXFileReference; fileEncoding = 4; lastKnownFileType = sourcecode.c.objc; path = Geometry.m; sourceTree = "<group>"; };
		451C90B20FC0A3C400DEDE79 /* QuartzConvenienceFunctions.h */ = {isa = PBXFileReference; fileEncoding = 4; lastKnownFileType = sourcecode.c.h; path = QuartzConvenienceFunctions.h; sourceTree = "<group>"; };
		451C90B30FC0A3C400DEDE79 /* QuartzConvenienceFunctions.m */ = {isa = PBXFileReference; fileEncoding = 4; lastKnownFileType = sourcecode.c.objc; path = QuartzConvenienceFunctions.m; sourceTree = "<group>"; };
		451C90B40FC0A3C400DEDE79 /* QuartzUtilities.h */ = {isa = PBXFileReference; fileEncoding = 4; lastKnownFileType = sourcecode.c.h; path = QuartzUtilities.h; sourceTree = "<group>"; };
		451C90B50FC0A3C400DEDE79 /* QuartzUtilities.m */ = {isa = PBXFileReference; fileEncoding = 4; lastKnownFileType = sourcecode.c.objc; path = QuartzUtilities.m; sourceTree = "<group>"; };
		451C90B80FC0A3C400DEDE79 /* CWindowViewFlipper.h */ = {isa = PBXFileReference; fileEncoding = 4; lastKnownFileType = sourcecode.c.h; path = CWindowViewFlipper.h; sourceTree = "<group>"; };
		451C90B90FC0A3C400DEDE79 /* CWindowViewFlipper.m */ = {isa = PBXFileReference; fileEncoding = 4; lastKnownFileType = sourcecode.c.objc; path = CWindowViewFlipper.m; sourceTree = "<group>"; };
		451C90BB0FC0A3C400DEDE79 /* CGenericHelperViewController.h */ = {isa = PBXFileReference; fileEncoding = 4; lastKnownFileType = sourcecode.c.h; path = CGenericHelperViewController.h; sourceTree = "<group>"; };
		451C90BC0FC0A3C400DEDE79 /* CGenericHelperViewController.m */ = {isa = PBXFileReference; fileEncoding = 4; lastKnownFileType = sourcecode.c.objc; path = CGenericHelperViewController.m; sourceTree = "<group>"; };
		451C90BD0FC0A3C400DEDE79 /* CGenericTextViewController.h */ = {isa = PBXFileReference; fileEncoding = 4; lastKnownFileType = sourcecode.c.h; path = CGenericTextViewController.h; sourceTree = "<group>"; };
		451C90BE0FC0A3C400DEDE79 /* CGenericTextViewController.m */ = {isa = PBXFileReference; fileEncoding = 4; lastKnownFileType = sourcecode.c.objc; path = CGenericTextViewController.m; sourceTree = "<group>"; };
		451C90BF0FC0A3C400DEDE79 /* CTableViewController.h */ = {isa = PBXFileReference; fileEncoding = 4; lastKnownFileType = sourcecode.c.h; path = CTableViewController.h; sourceTree = "<group>"; };
		451C90C00FC0A3C400DEDE79 /* CTableViewController.m */ = {isa = PBXFileReference; fileEncoding = 4; lastKnownFileType = sourcecode.c.objc; path = CTableViewController.m; sourceTree = "<group>"; };
		451C90C20FC0A3C400DEDE79 /* browser-back.png */ = {isa = PBXFileReference; lastKnownFileType = image.png; path = "browser-back.png"; sourceTree = "<group>"; };
		451C90C30FC0A3C400DEDE79 /* browser-forward.png */ = {isa = PBXFileReference; lastKnownFileType = image.png; path = "browser-forward.png"; sourceTree = "<group>"; };
		451C90C40FC0A3C400DEDE79 /* browser-home.png */ = {isa = PBXFileReference; lastKnownFileType = image.png; path = "browser-home.png"; sourceTree = "<group>"; };
		451C90C50FC0A3C400DEDE79 /* CWebViewController.h */ = {isa = PBXFileReference; fileEncoding = 4; lastKnownFileType = sourcecode.c.h; path = CWebViewController.h; sourceTree = "<group>"; };
		451C90C60FC0A3C400DEDE79 /* CWebViewController.m */ = {isa = PBXFileReference; fileEncoding = 4; lastKnownFileType = sourcecode.c.objc; path = CWebViewController.m; sourceTree = "<group>"; };
		451C90C70FC0A3C400DEDE79 /* CWebViewController.xib */ = {isa = PBXFileReference; lastKnownFileType = file.xib; path = CWebViewController.xib; sourceTree = "<group>"; };
		451C90C90FC0A3C400DEDE79 /* CEventHandler.h */ = {isa = PBXFileReference; fileEncoding = 4; lastKnownFileType = sourcecode.c.h; path = CEventHandler.h; sourceTree = "<group>"; };
		451C90CA0FC0A3C400DEDE79 /* CEventHandler.m */ = {isa = PBXFileReference; fileEncoding = 4; lastKnownFileType = sourcecode.c.objc; path = CEventHandler.m; sourceTree = "<group>"; };
		451C90CC0FC0A3C400DEDE79 /* UIColor_MoreExtensions.h */ = {isa = PBXFileReference; fileEncoding = 4; lastKnownFileType = sourcecode.c.h; path = UIColor_MoreExtensions.h; sourceTree = "<group>"; };
		451C90CD0FC0A3C400DEDE79 /* UIColor_MoreExtensions.m */ = {isa = PBXFileReference; fileEncoding = 4; lastKnownFileType = sourcecode.c.objc; path = UIColor_MoreExtensions.m; sourceTree = "<group>"; };
		451C90CE0FC0A3C400DEDE79 /* UIImage_Extensions.h */ = {isa = PBXFileReference; fileEncoding = 4; lastKnownFileType = sourcecode.c.h; path = UIImage_Extensions.h; sourceTree = "<group>"; };
		451C90CF0FC0A3C400DEDE79 /* UIImage_Extensions.m */ = {isa = PBXFileReference; fileEncoding = 4; lastKnownFileType = sourcecode.c.objc; path = UIImage_Extensions.m; sourceTree = "<group>"; };
		451C90D00FC0A3C400DEDE79 /* UIViewController_ErrorExtensions.h */ = {isa = PBXFileReference; fileEncoding = 4; lastKnownFileType = sourcecode.c.h; path = UIViewController_ErrorExtensions.h; sourceTree = "<group>"; };
		451C90D10FC0A3C400DEDE79 /* UIViewController_ErrorExtensions.m */ = {isa = PBXFileReference; fileEncoding = 4; lastKnownFileType = sourcecode.c.objc; path = UIViewController_ErrorExtensions.m; sourceTree = "<group>"; };
		451C90D50FC0A3C400DEDE79 /* CImageProvider.h */ = {isa = PBXFileReference; fileEncoding = 4; lastKnownFileType = sourcecode.c.h; path = CImageProvider.h; sourceTree = "<group>"; };
		451C90D60FC0A3C400DEDE79 /* CImageProvider.m */ = {isa = PBXFileReference; fileEncoding = 4; lastKnownFileType = sourcecode.c.objc; path = CImageProvider.m; sourceTree = "<group>"; };
		451C90D70FC0A3C400DEDE79 /* CImageViewer.h */ = {isa = PBXFileReference; fileEncoding = 4; lastKnownFileType = sourcecode.c.h; path = CImageViewer.h; sourceTree = "<group>"; };
		451C90D80FC0A3C400DEDE79 /* CImageViewer.m */ = {isa = PBXFileReference; fileEncoding = 4; lastKnownFileType = sourcecode.c.objc; path = CImageViewer.m; sourceTree = "<group>"; };
		451C90D90FC0A3C400DEDE79 /* CLoadingImageView.h */ = {isa = PBXFileReference; fileEncoding = 4; lastKnownFileType = sourcecode.c.h; path = CLoadingImageView.h; sourceTree = "<group>"; };
		451C90DA0FC0A3C400DEDE79 /* CLoadingImageView.m */ = {isa = PBXFileReference; fileEncoding = 4; lastKnownFileType = sourcecode.c.objc; path = CLoadingImageView.m; sourceTree = "<group>"; };
		451C90DB0FC0A3C400DEDE79 /* UIImage_ThumbnailExtensions.h */ = {isa = PBXFileReference; fileEncoding = 4; lastKnownFileType = sourcecode.c.h; path = UIImage_ThumbnailExtensions.h; sourceTree = "<group>"; };
		451C90DC0FC0A3C400DEDE79 /* UIImage_ThumbnailExtensions.m */ = {isa = PBXFileReference; fileEncoding = 4; lastKnownFileType = sourcecode.c.objc; path = UIImage_ThumbnailExtensions.m; sourceTree = "<group>"; };
		451C90DE0FC0A3C400DEDE79 /* CLabelledTextFieldCell.h */ = {isa = PBXFileReference; fileEncoding = 4; lastKnownFileType = sourcecode.c.h; path = CLabelledTextFieldCell.h; sourceTree = "<group>"; };
		451C90DF0FC0A3C400DEDE79 /* CLabelledTextFieldCell.m */ = {isa = PBXFileReference; fileEncoding = 4; lastKnownFileType = sourcecode.c.objc; path = CLabelledTextFieldCell.m; sourceTree = "<group>"; };
		451C90E00FC0A3C400DEDE79 /* CLabelledTextFieldCell.xib */ = {isa = PBXFileReference; lastKnownFileType = file.xib; path = CLabelledTextFieldCell.xib; sourceTree = "<group>"; };
		451C90E20FC0A3C400DEDE79 /* CLabelledContentTableViewCell.h */ = {isa = PBXFileReference; fileEncoding = 4; lastKnownFileType = sourcecode.c.h; path = CLabelledContentTableViewCell.h; sourceTree = "<group>"; };
		451C90E30FC0A3C400DEDE79 /* CLabelledContentTableViewCell.m */ = {isa = PBXFileReference; fileEncoding = 4; lastKnownFileType = sourcecode.c.objc; path = CLabelledContentTableViewCell.m; sourceTree = "<group>"; };
		451C90E40FC0A3C400DEDE79 /* CLabelledValueTableViewCell.h */ = {isa = PBXFileReference; fileEncoding = 4; lastKnownFileType = sourcecode.c.h; path = CLabelledValueTableViewCell.h; sourceTree = "<group>"; };
		451C90E50FC0A3C400DEDE79 /* CLabelledValueTableViewCell.m */ = {isa = PBXFileReference; fileEncoding = 4; lastKnownFileType = sourcecode.c.objc; path = CLabelledValueTableViewCell.m; sourceTree = "<group>"; };
		451C90E60FC0A3C400DEDE79 /* CMyTableViewCell.h */ = {isa = PBXFileReference; fileEncoding = 4; lastKnownFileType = sourcecode.c.h; path = CMyTableViewCell.h; sourceTree = "<group>"; };
		451C90E70FC0A3C400DEDE79 /* CMyTableViewCell.m */ = {isa = PBXFileReference; fileEncoding = 4; lastKnownFileType = sourcecode.c.objc; path = CMyTableViewCell.m; sourceTree = "<group>"; };
		451C90E80FC0A3C400DEDE79 /* CSwitchTableViewCell.h */ = {isa = PBXFileReference; fileEncoding = 4; lastKnownFileType = sourcecode.c.h; path = CSwitchTableViewCell.h; sourceTree = "<group>"; };
		451C90E90FC0A3C400DEDE79 /* CSwitchTableViewCell.m */ = {isa = PBXFileReference; fileEncoding = 4; lastKnownFileType = sourcecode.c.objc; path = CSwitchTableViewCell.m; sourceTree = "<group>"; };
		451C90EA0FC0A3C400DEDE79 /* CSwitchTableViewCell.xib */ = {isa = PBXFileReference; lastKnownFileType = file.xib; path = CSwitchTableViewCell.xib; sourceTree = "<group>"; };
		451C90EB0FC0A3C400DEDE79 /* CTextViewCell.h */ = {isa = PBXFileReference; fileEncoding = 4; lastKnownFileType = sourcecode.c.h; path = CTextViewCell.h; sourceTree = "<group>"; };
		451C90EC0FC0A3C400DEDE79 /* CTextViewCell.m */ = {isa = PBXFileReference; fileEncoding = 4; lastKnownFileType = sourcecode.c.objc; path = CTextViewCell.m; sourceTree = "<group>"; };
		451C90ED0FC0A3C400DEDE79 /* CTextViewCell.xib */ = {isa = PBXFileReference; lastKnownFileType = file.xib; path = CTextViewCell.xib; sourceTree = "<group>"; };
		451C90EE0FC0A3C400DEDE79 /* LabelledValueTableViewCell.xib */ = {isa = PBXFileReference; lastKnownFileType = file.xib; path = LabelledValueTableViewCell.xib; sourceTree = "<group>"; };
		451C90EF0FC0A3C400DEDE79 /* UITableViewCell_ConvenienceExtensions.h */ = {isa = PBXFileReference; fileEncoding = 4; lastKnownFileType = sourcecode.c.h; path = UITableViewCell_ConvenienceExtensions.h; sourceTree = "<group>"; };
		451C90F00FC0A3C400DEDE79 /* UITableViewCell_ConvenienceExtensions.m */ = {isa = PBXFileReference; fileEncoding = 4; lastKnownFileType = sourcecode.c.objc; path = UITableViewCell_ConvenienceExtensions.m; sourceTree = "<group>"; };
		451C90F20FC0A3C400DEDE79 /* CManagedTableViewController.h */ = {isa = PBXFileReference; fileEncoding = 4; lastKnownFileType = sourcecode.c.h; path = CManagedTableViewController.h; sourceTree = "<group>"; };
		451C90F30FC0A3C400DEDE79 /* CManagedTableViewController.m */ = {isa = PBXFileReference; fileEncoding = 4; lastKnownFileType = sourcecode.c.objc; path = CManagedTableViewController.m; sourceTree = "<group>"; };
		451C90F40FC0A3C400DEDE79 /* CTableRow.h */ = {isa = PBXFileReference; fileEncoding = 4; lastKnownFileType = sourcecode.c.h; path = CTableRow.h; sourceTree = "<group>"; };
		451C90F50FC0A3C400DEDE79 /* CTableRow.m */ = {isa = PBXFileReference; fileEncoding = 4; lastKnownFileType = sourcecode.c.objc; path = CTableRow.m; sourceTree = "<group>"; };
		451C90F60FC0A3C400DEDE79 /* CTableSection.h */ = {isa = PBXFileReference; fileEncoding = 4; lastKnownFileType = sourcecode.c.h; path = CTableSection.h; sourceTree = "<group>"; };
		451C90F70FC0A3C400DEDE79 /* CTableSection.m */ = {isa = PBXFileReference; fileEncoding = 4; lastKnownFileType = sourcecode.c.objc; path = CTableSection.m; sourceTree = "<group>"; };
		451C90F90FC0A3C400DEDE79 /* CBetterAlertView.h */ = {isa = PBXFileReference; fileEncoding = 4; lastKnownFileType = sourcecode.c.h; path = CBetterAlertView.h; sourceTree = "<group>"; };
		451C90FA0FC0A3C400DEDE79 /* CBetterAlertView.m */ = {isa = PBXFileReference; fileEncoding = 4; lastKnownFileType = sourcecode.c.objc; path = CBetterAlertView.m; sourceTree = "<group>"; };
		451C90FB0FC0A3C400DEDE79 /* CBorderView.h */ = {isa = PBXFileReference; fileEncoding = 4; lastKnownFileType = sourcecode.c.h; path = CBorderView.h; sourceTree = "<group>"; };
		451C90FC0FC0A3C400DEDE79 /* CBorderView.m */ = {isa = PBXFileReference; fileEncoding = 4; lastKnownFileType = sourcecode.c.objc; path = CBorderView.m; sourceTree = "<group>"; };
		451C91010FC0A3C400DEDE79 /* CLayoutManagedView.h */ = {isa = PBXFileReference; fileEncoding = 4; lastKnownFileType = sourcecode.c.h; path = CLayoutManagedView.h; sourceTree = "<group>"; };
		451C91020FC0A3C400DEDE79 /* CLayoutManagedView.m */ = {isa = PBXFileReference; fileEncoding = 4; lastKnownFileType = sourcecode.c.objc; path = CLayoutManagedView.m; sourceTree = "<group>"; };
		451C91030FC0A3C400DEDE79 /* CLinkActionSheet.h */ = {isa = PBXFileReference; fileEncoding = 4; lastKnownFileType = sourcecode.c.h; path = CLinkActionSheet.h; sourceTree = "<group>"; };
		451C91040FC0A3C400DEDE79 /* CLinkActionSheet.m */ = {isa = PBXFileReference; fileEncoding = 4; lastKnownFileType = sourcecode.c.objc; path = CLinkActionSheet.m; sourceTree = "<group>"; };
		451C91050FC0A3C400DEDE79 /* CLinkLabel.h */ = {isa = PBXFileReference; fileEncoding = 4; lastKnownFileType = sourcecode.c.h; path = CLinkLabel.h; sourceTree = "<group>"; };
		451C91060FC0A3C400DEDE79 /* CLinkLabel.m */ = {isa = PBXFileReference; fileEncoding = 4; lastKnownFileType = sourcecode.c.objc; path = CLinkLabel.m; sourceTree = "<group>"; };
		451C91070FC0A3C400DEDE79 /* CProgressOverlayView.h */ = {isa = PBXFileReference; fileEncoding = 4; lastKnownFileType = sourcecode.c.h; path = CProgressOverlayView.h; sourceTree = "<group>"; };
		451C91080FC0A3C400DEDE79 /* CProgressOverlayView.m */ = {isa = PBXFileReference; fileEncoding = 4; lastKnownFileType = sourcecode.c.objc; path = CProgressOverlayView.m; sourceTree = "<group>"; };
		451C91090FC0A3C400DEDE79 /* CrossSwitchButton.png */ = {isa = PBXFileReference; lastKnownFileType = image.png; path = CrossSwitchButton.png; sourceTree = "<group>"; };
		451C910A0FC0A3C400DEDE79 /* CTapView.h */ = {isa = PBXFileReference; fileEncoding = 4; lastKnownFileType = sourcecode.c.h; path = CTapView.h; sourceTree = "<group>"; };
		451C910B0FC0A3C400DEDE79 /* CTapView.m */ = {isa = PBXFileReference; fileEncoding = 4; lastKnownFileType = sourcecode.c.objc; path = CTapView.m; sourceTree = "<group>"; };
		451C910C0FC0A3C400DEDE79 /* UIView_LayoutExtensions.h */ = {isa = PBXFileReference; fileEncoding = 4; lastKnownFileType = sourcecode.c.h; path = UIView_LayoutExtensions.h; sourceTree = "<group>"; };
		451C910D0FC0A3C400DEDE79 /* UIView_LayoutExtensions.m */ = {isa = PBXFileReference; fileEncoding = 4; lastKnownFileType = sourcecode.c.objc; path = UIView_LayoutExtensions.m; sourceTree = "<group>"; };
		451C91220FC0A3C400DEDE79 /* Base64Transcoder.c */ = {isa = PBXFileReference; fileEncoding = 4; lastKnownFileType = sourcecode.c.c; path = Base64Transcoder.c; sourceTree = "<group>"; };
		451C91230FC0A3C400DEDE79 /* Base64Transcoder.h */ = {isa = PBXFileReference; fileEncoding = 4; lastKnownFileType = sourcecode.c.h; path = Base64Transcoder.h; sourceTree = "<group>"; };
		451C91240FC0A3C400DEDE79 /* CHumanDateFormatter.h */ = {isa = PBXFileReference; fileEncoding = 4; lastKnownFileType = sourcecode.c.h; path = CHumanDateFormatter.h; sourceTree = "<group>"; };
		451C91250FC0A3C400DEDE79 /* CHumanDateFormatter.m */ = {isa = PBXFileReference; fileEncoding = 4; lastKnownFileType = sourcecode.c.objc; path = CHumanDateFormatter.m; sourceTree = "<group>"; };
		451C91260FC0A3C400DEDE79 /* CKeyValueStore.h */ = {isa = PBXFileReference; fileEncoding = 4; lastKnownFileType = sourcecode.c.h; path = CKeyValueStore.h; sourceTree = "<group>"; };
		451C91270FC0A3C400DEDE79 /* CKeyValueStore.m */ = {isa = PBXFileReference; fileEncoding = 4; lastKnownFileType = sourcecode.c.objc; path = CKeyValueStore.m; sourceTree = "<group>"; };
		451C91280FC0A3C400DEDE79 /* CLazyCache.h */ = {isa = PBXFileReference; fileEncoding = 4; lastKnownFileType = sourcecode.c.h; path = CLazyCache.h; sourceTree = "<group>"; };
		451C91290FC0A3C400DEDE79 /* CLazyCache.m */ = {isa = PBXFileReference; fileEncoding = 4; lastKnownFileType = sourcecode.c.objc; path = CLazyCache.m; sourceTree = "<group>"; };
		451C912A0FC0A3C400DEDE79 /* CPointerArray.h */ = {isa = PBXFileReference; fileEncoding = 4; lastKnownFileType = sourcecode.c.h; path = CPointerArray.h; sourceTree = "<group>"; };
		451C912B0FC0A3C400DEDE79 /* CPointerArray.m */ = {isa = PBXFileReference; fileEncoding = 4; lastKnownFileType = sourcecode.c.objc; path = CPointerArray.m; sourceTree = "<group>"; };
		451C912C0FC0A3C400DEDE79 /* CTempFile.h */ = {isa = PBXFileReference; fileEncoding = 4; lastKnownFileType = sourcecode.c.h; path = CTempFile.h; sourceTree = "<group>"; };
		451C912D0FC0A3C400DEDE79 /* CTempFile.m */ = {isa = PBXFileReference; fileEncoding = 4; lastKnownFileType = sourcecode.c.objc; path = CTempFile.m; sourceTree = "<group>"; };
		451C912E0FC0A3C400DEDE79 /* CTrivialTemplate.h */ = {isa = PBXFileReference; fileEncoding = 4; lastKnownFileType = sourcecode.c.h; path = CTrivialTemplate.h; sourceTree = "<group>"; };
		451C912F0FC0A3C400DEDE79 /* CTrivialTemplate.m */ = {isa = PBXFileReference; fileEncoding = 4; lastKnownFileType = sourcecode.c.objc; path = CTrivialTemplate.m; sourceTree = "<group>"; };
		451C91300FC0A3C400DEDE79 /* CValueTransformer.h */ = {isa = PBXFileReference; fileEncoding = 4; lastKnownFileType = sourcecode.c.h; path = CValueTransformer.h; sourceTree = "<group>"; };
		451C91310FC0A3C400DEDE79 /* CValueTransformer.m */ = {isa = PBXFileReference; fileEncoding = 4; lastKnownFileType = sourcecode.c.objc; path = CValueTransformer.m; sourceTree = "<group>"; };
		451C91340FC0A3C400DEDE79 /* NSDate_InternetDateExtensions.h */ = {isa = PBXFileReference; fileEncoding = 4; lastKnownFileType = sourcecode.c.h; path = NSDate_InternetDateExtensions.h; sourceTree = "<group>"; };
		451C91350FC0A3C400DEDE79 /* NSDate_InternetDateExtensions.m */ = {isa = PBXFileReference; fileEncoding = 4; lastKnownFileType = sourcecode.c.objc; path = NSDate_InternetDateExtensions.m; sourceTree = "<group>"; };
		451C91360FC0A3C400DEDE79 /* NSDateFormatter_InternetDateExtensions.h */ = {isa = PBXFileReference; fileEncoding = 4; lastKnownFileType = sourcecode.c.h; path = NSDateFormatter_InternetDateExtensions.h; sourceTree = "<group>"; };
		451C91370FC0A3C400DEDE79 /* NSDateFormatter_InternetDateExtensions.m */ = {isa = PBXFileReference; fileEncoding = 4; lastKnownFileType = sourcecode.c.objc; path = NSDateFormatter_InternetDateExtensions.m; sourceTree = "<group>"; };
		451C91380FC0A3C400DEDE79 /* NSFileManager_Extensions.h */ = {isa = PBXFileReference; fileEncoding = 4; lastKnownFileType = sourcecode.c.h; path = NSFileManager_Extensions.h; sourceTree = "<group>"; };
		451C91390FC0A3C400DEDE79 /* NSFileManager_Extensions.m */ = {isa = PBXFileReference; fileEncoding = 4; lastKnownFileType = sourcecode.c.objc; path = NSFileManager_Extensions.m; sourceTree = "<group>"; };
		451C913A0FC0A3C400DEDE79 /* NSIndexPath_Extensions.h */ = {isa = PBXFileReference; fileEncoding = 4; lastKnownFileType = sourcecode.c.h; path = NSIndexPath_Extensions.h; sourceTree = "<group>"; };
		451C913B0FC0A3C400DEDE79 /* NSIndexPath_Extensions.m */ = {isa = PBXFileReference; fileEncoding = 4; lastKnownFileType = sourcecode.c.objc; path = NSIndexPath_Extensions.m; sourceTree = "<group>"; };
		451C913C0FC0A3C400DEDE79 /* NSScanner_Extensions.h */ = {isa = PBXFileReference; fileEncoding = 4; lastKnownFileType = sourcecode.c.h; path = NSScanner_Extensions.h; sourceTree = "<group>"; };
		451C913D0FC0A3C400DEDE79 /* NSScanner_Extensions.m */ = {isa = PBXFileReference; fileEncoding = 4; lastKnownFileType = sourcecode.c.objc; path = NSScanner_Extensions.m; sourceTree = "<group>"; };
		451C913E0FC0A3C400DEDE79 /* NSScanner_HTMLExtensions.h */ = {isa = PBXFileReference; fileEncoding = 4; lastKnownFileType = sourcecode.c.h; path = NSScanner_HTMLExtensions.h; sourceTree = "<group>"; };
		451C913F0FC0A3C400DEDE79 /* NSScanner_HTMLExtensions.m */ = {isa = PBXFileReference; fileEncoding = 4; lastKnownFileType = sourcecode.c.objc; path = NSScanner_HTMLExtensions.m; sourceTree = "<group>"; };
		451C91400FC0A3C400DEDE79 /* NSString_Extensions.h */ = {isa = PBXFileReference; fileEncoding = 4; lastKnownFileType = sourcecode.c.h; path = NSString_Extensions.h; sourceTree = "<group>"; };
		451C91410FC0A3C400DEDE79 /* NSString_Extensions.m */ = {isa = PBXFileReference; fileEncoding = 4; lastKnownFileType = sourcecode.c.objc; path = NSString_Extensions.m; sourceTree = "<group>"; };
		451C91420FC0A3C400DEDE79 /* NSURL_Extensions.h */ = {isa = PBXFileReference; fileEncoding = 4; lastKnownFileType = sourcecode.c.h; path = NSURL_Extensions.h; sourceTree = "<group>"; };
		451C91430FC0A3C400DEDE79 /* NSURL_Extensions.m */ = {isa = PBXFileReference; fileEncoding = 4; lastKnownFileType = sourcecode.c.objc; path = NSURL_Extensions.m; sourceTree = "<group>"; };
		451C91440FC0A3C400DEDE79 /* NSURL_JSONExtensions.h */ = {isa = PBXFileReference; fileEncoding = 4; lastKnownFileType = sourcecode.c.h; path = NSURL_JSONExtensions.h; sourceTree = "<group>"; };
		451C91450FC0A3C400DEDE79 /* NSURL_JSONExtensions.m */ = {isa = PBXFileReference; fileEncoding = 4; lastKnownFileType = sourcecode.c.objc; path = NSURL_JSONExtensions.m; sourceTree = "<group>"; };
		451C91460FC0A3C400DEDE79 /* NSValue_Extensions.h */ = {isa = PBXFileReference; fileEncoding = 4; lastKnownFileType = sourcecode.c.h; path = NSValue_Extensions.h; sourceTree = "<group>"; };
		451C91470FC0A3C400DEDE79 /* NSValue_Extensions.m */ = {isa = PBXFileReference; fileEncoding = 4; lastKnownFileType = sourcecode.c.objc; path = NSValue_Extensions.m; sourceTree = "<group>"; };
		451C91490FC0A3C400DEDE79 /* CInvocationGrabber.h */ = {isa = PBXFileReference; fileEncoding = 4; lastKnownFileType = sourcecode.c.h; path = CInvocationGrabber.h; sourceTree = "<group>"; };
		451C914A0FC0A3C400DEDE79 /* CInvocationGrabber.m */ = {isa = PBXFileReference; fileEncoding = 4; lastKnownFileType = sourcecode.c.objc; path = CInvocationGrabber.m; sourceTree = "<group>"; };
		451C914B0FC0A3C400DEDE79 /* NSObject_InvocationGrabberExtensions.h */ = {isa = PBXFileReference; fileEncoding = 4; lastKnownFileType = sourcecode.c.h; path = NSObject_InvocationGrabberExtensions.h; sourceTree = "<group>"; };
		451C914C0FC0A3C400DEDE79 /* NSObject_InvocationGrabberExtensions.m */ = {isa = PBXFileReference; fileEncoding = 4; lastKnownFileType = sourcecode.c.objc; path = NSObject_InvocationGrabberExtensions.m; sourceTree = "<group>"; };
		451C914E0FC0A3C400DEDE79 /* CBundleResourceURLProtocol.h */ = {isa = PBXFileReference; fileEncoding = 4; lastKnownFileType = sourcecode.c.h; path = CBundleResourceURLProtocol.h; sourceTree = "<group>"; };
		451C914F0FC0A3C400DEDE79 /* CBundleResourceURLProtocol.m */ = {isa = PBXFileReference; fileEncoding = 4; lastKnownFileType = sourcecode.c.objc; path = CBundleResourceURLProtocol.m; sourceTree = "<group>"; };
		451C91F60FC0A6DC00DEDE79 /* CCompletionTicket.h */ = {isa = PBXFileReference; fileEncoding = 4; lastKnownFileType = sourcecode.c.h; path = CCompletionTicket.h; sourceTree = "<group>"; };
		451C91F70FC0A6DC00DEDE79 /* CCompletionTicket.m */ = {isa = PBXFileReference; fileEncoding = 4; lastKnownFileType = sourcecode.c.objc; path = CCompletionTicket.m; sourceTree = "<group>"; };
		451C91F80FC0A6DC00DEDE79 /* CFileBasedManagedURLConnection.h */ = {isa = PBXFileReference; fileEncoding = 4; lastKnownFileType = sourcecode.c.h; path = CFileBasedManagedURLConnection.h; sourceTree = "<group>"; };
		451C91F90FC0A6DC00DEDE79 /* CFileBasedManagedURLConnection.m */ = {isa = PBXFileReference; fileEncoding = 4; lastKnownFileType = sourcecode.c.objc; path = CFileBasedManagedURLConnection.m; sourceTree = "<group>"; };
		451C91FA0FC0A6DC00DEDE79 /* CManagedURLConnection.h */ = {isa = PBXFileReference; fileEncoding = 4; lastKnownFileType = sourcecode.c.h; path = CManagedURLConnection.h; sourceTree = "<group>"; };
		451C91FB0FC0A6DC00DEDE79 /* CManagedURLConnection.m */ = {isa = PBXFileReference; fileEncoding = 4; lastKnownFileType = sourcecode.c.objc; path = CManagedURLConnection.m; sourceTree = "<group>"; };
		451C91FC0FC0A6DC00DEDE79 /* CURLConnectionManager.h */ = {isa = PBXFileReference; fileEncoding = 4; lastKnownFileType = sourcecode.c.h; path = CURLConnectionManager.h; sourceTree = "<group>"; };
		451C91FD0FC0A6DC00DEDE79 /* CURLConnectionManager.m */ = {isa = PBXFileReference; fileEncoding = 4; lastKnownFileType = sourcecode.c.objc; path = CURLConnectionManager.m; sourceTree = "<group>"; };
		451C91FE0FC0A6DC00DEDE79 /* CURLConnectionManagerChannel.h */ = {isa = PBXFileReference; fileEncoding = 4; lastKnownFileType = sourcecode.c.h; path = CURLConnectionManagerChannel.h; sourceTree = "<group>"; };
		451C91FF0FC0A6DC00DEDE79 /* CURLConnectionManagerChannel.m */ = {isa = PBXFileReference; fileEncoding = 4; lastKnownFileType = sourcecode.c.objc; path = CURLConnectionManagerChannel.m; sourceTree = "<group>"; };
		451C92010FC0A6DC00DEDE79 /* CNetworkActivityManager.h */ = {isa = PBXFileReference; fileEncoding = 4; lastKnownFileType = sourcecode.c.h; path = CNetworkActivityManager.h; sourceTree = "<group>"; };
		451C92020FC0A6DC00DEDE79 /* CNetworkActivityManager.m */ = {isa = PBXFileReference; fileEncoding = 4; lastKnownFileType = sourcecode.c.objc; path = CNetworkActivityManager.m; sourceTree = "<group>"; };
		457843BB0F6ACD0000DD4148 /* CSqliteDatabase.h */ = {isa = PBXFileReference; fileEncoding = 4; lastKnownFileType = sourcecode.c.h; path = CSqliteDatabase.h; sourceTree = "<group>"; };
		457843BC0F6ACD0000DD4148 /* CSqliteDatabase.m */ = {isa = PBXFileReference; fileEncoding = 4; lastKnownFileType = sourcecode.c.objc; path = CSqliteDatabase.m; sourceTree = "<group>"; };
		457843BD0F6ACD0000DD4148 /* CSqliteDatabase_Extensions.h */ = {isa = PBXFileReference; fileEncoding = 4; lastKnownFileType = sourcecode.c.h; path = CSqliteDatabase_Extensions.h; sourceTree = "<group>"; };
		457843BE0F6ACD0000DD4148 /* CSqliteDatabase_Extensions.m */ = {isa = PBXFileReference; fileEncoding = 4; lastKnownFileType = sourcecode.c.objc; path = CSqliteDatabase_Extensions.m; sourceTree = "<group>"; };
		457843BF0F6ACD0000DD4148 /* CSqliteDatabase_Functions.h */ = {isa = PBXFileReference; fileEncoding = 4; lastKnownFileType = sourcecode.c.h; path = CSqliteDatabase_Functions.h; sourceTree = "<group>"; };
		457843C00F6ACD0000DD4148 /* CSqliteDatabase_Functions.m */ = {isa = PBXFileReference; fileEncoding = 4; lastKnownFileType = sourcecode.c.objc; path = CSqliteDatabase_Functions.m; sourceTree = "<group>"; };
		457843C10F6ACD0000DD4148 /* CSqliteEnumerator.h */ = {isa = PBXFileReference; fileEncoding = 4; lastKnownFileType = sourcecode.c.h; path = CSqliteEnumerator.h; sourceTree = "<group>"; };
		457843C20F6ACD0000DD4148 /* CSqliteEnumerator.m */ = {isa = PBXFileReference; fileEncoding = 4; lastKnownFileType = sourcecode.c.objc; path = CSqliteEnumerator.m; sourceTree = "<group>"; };
		457843C30F6ACD0000DD4148 /* CSqliteStatement.h */ = {isa = PBXFileReference; fileEncoding = 4; lastKnownFileType = sourcecode.c.h; path = CSqliteStatement.h; sourceTree = "<group>"; };
		457843C40F6ACD0000DD4148 /* CSqliteStatement.m */ = {isa = PBXFileReference; fileEncoding = 4; lastKnownFileType = sourcecode.c.objc; path = CSqliteStatement.m; sourceTree = "<group>"; };
		457843C60F6ACD0000DD4148 /* CSqliteDatabase_Deprecated.h */ = {isa = PBXFileReference; fileEncoding = 4; lastKnownFileType = sourcecode.c.h; path = CSqliteDatabase_Deprecated.h; sourceTree = "<group>"; };
		457843C70F6ACD0000DD4148 /* CSqliteDatabase_Deprecated.m */ = {isa = PBXFileReference; fileEncoding = 4; lastKnownFileType = sourcecode.c.objc; path = CSqliteDatabase_Deprecated.m; sourceTree = "<group>"; };
		457843C90F6ACD0000DD4148 /* CObjectTranscoder.h */ = {isa = PBXFileReference; fileEncoding = 4; lastKnownFileType = sourcecode.c.h; path = CObjectTranscoder.h; sourceTree = "<group>"; };
		457843CA0F6ACD0000DD4148 /* CObjectTranscoder.m */ = {isa = PBXFileReference; fileEncoding = 4; lastKnownFileType = sourcecode.c.objc; path = CObjectTranscoder.m; sourceTree = "<group>"; };
		457843CB0F6ACD0000DD4148 /* CPersistentObject.h */ = {isa = PBXFileReference; fileEncoding = 4; lastKnownFileType = sourcecode.c.h; path = CPersistentObject.h; sourceTree = "<group>"; };
		457843CC0F6ACD0000DD4148 /* CPersistentObject.m */ = {isa = PBXFileReference; fileEncoding = 4; lastKnownFileType = sourcecode.c.objc; path = CPersistentObject.m; sourceTree = "<group>"; };
		457843CD0F6ACD0000DD4148 /* CPersistentObjectManager.h */ = {isa = PBXFileReference; fileEncoding = 4; lastKnownFileType = sourcecode.c.h; path = CPersistentObjectManager.h; sourceTree = "<group>"; };
		457843CE0F6ACD0000DD4148 /* CPersistentObjectManager.m */ = {isa = PBXFileReference; fileEncoding = 4; lastKnownFileType = sourcecode.c.objc; path = CPersistentObjectManager.m; sourceTree = "<group>"; };
		457843CF0F6ACD0000DD4148 /* CRandomAccessTemporaryTable.h */ = {isa = PBXFileReference; fileEncoding = 4; lastKnownFileType = sourcecode.c.h; path = CRandomAccessTemporaryTable.h; sourceTree = "<group>"; };
		457843D00F6ACD0000DD4148 /* CRandomAccessTemporaryTable.m */ = {isa = PBXFileReference; fileEncoding = 4; lastKnownFileType = sourcecode.c.objc; path = CRandomAccessTemporaryTable.m; sourceTree = "<group>"; };
		457843D20F6ACD0000DD4148 /* NSArray_SqlExtensions.h */ = {isa = PBXFileReference; fileEncoding = 4; lastKnownFileType = sourcecode.c.h; path = NSArray_SqlExtensions.h; sourceTree = "<group>"; };
		457843D30F6ACD0000DD4148 /* NSArray_SqlExtensions.m */ = {isa = PBXFileReference; fileEncoding = 4; lastKnownFileType = sourcecode.c.objc; path = NSArray_SqlExtensions.m; sourceTree = "<group>"; };
		457843D40F6ACD0000DD4148 /* NSData_SqlExtensions.h */ = {isa = PBXFileReference; fileEncoding = 4; lastKnownFileType = sourcecode.c.h; path = NSData_SqlExtensions.h; sourceTree = "<group>"; };
		457843D50F6ACD0000DD4148 /* NSData_SqlExtensions.m */ = {isa = PBXFileReference; fileEncoding = 4; lastKnownFileType = sourcecode.c.objc; path = NSData_SqlExtensions.m; sourceTree = "<group>"; };
		457843D60F6ACD0000DD4148 /* NSDate_SqlExtension.h */ = {isa = PBXFileReference; fileEncoding = 4; lastKnownFileType = sourcecode.c.h; path = NSDate_SqlExtension.h; sourceTree = "<group>"; };
		457843D70F6ACD0000DD4148 /* NSDate_SqlExtension.m */ = {isa = PBXFileReference; fileEncoding = 4; lastKnownFileType = sourcecode.c.objc; path = NSDate_SqlExtension.m; sourceTree = "<group>"; };
		457843D80F6ACD0000DD4148 /* NSDictionary_SqlExtensions.h */ = {isa = PBXFileReference; fileEncoding = 4; lastKnownFileType = sourcecode.c.h; path = NSDictionary_SqlExtensions.h; sourceTree = "<group>"; };
		457843D90F6ACD0000DD4148 /* NSDictionary_SqlExtensions.m */ = {isa = PBXFileReference; fileEncoding = 4; lastKnownFileType = sourcecode.c.objc; path = NSDictionary_SqlExtensions.m; sourceTree = "<group>"; };
		457843DA0F6ACD0000DD4148 /* NSString_SqlExtensions.h */ = {isa = PBXFileReference; fileEncoding = 4; lastKnownFileType = sourcecode.c.h; path = NSString_SqlExtensions.h; sourceTree = "<group>"; };
		457843DB0F6ACD0000DD4148 /* NSString_SqlExtensions.m */ = {isa = PBXFileReference; fileEncoding = 4; lastKnownFileType = sourcecode.c.objc; path = NSString_SqlExtensions.m; sourceTree = "<group>"; };
		457843DC0F6ACD0000DD4148 /* TouchSQL.h */ = {isa = PBXFileReference; fileEncoding = 4; lastKnownFileType = sourcecode.c.h; path = TouchSQL.h; sourceTree = "<group>"; };
		458CE8950ED70F3C00D77DCA /* FeedStore.sql */ = {isa = PBXFileReference; fileEncoding = 4; lastKnownFileType = text; path = FeedStore.sql; sourceTree = "<group>"; };
		458CE8FF0ED713DB00D77DCA /* CFeedsViewController.h */ = {isa = PBXFileReference; fileEncoding = 4; lastKnownFileType = sourcecode.c.h; path = CFeedsViewController.h; sourceTree = "<group>"; };
		458CE9000ED713DB00D77DCA /* CFeedsViewController.m */ = {isa = PBXFileReference; fileEncoding = 4; lastKnownFileType = sourcecode.c.objc; path = CFeedsViewController.m; sourceTree = "<group>"; };
		458CE9020ED7140300D77DCA /* CDemoFeedStore.h */ = {isa = PBXFileReference; fileEncoding = 4; lastKnownFileType = sourcecode.c.h; path = CDemoFeedStore.h; sourceTree = "<group>"; };
		458CE9030ED7140300D77DCA /* CDemoFeedStore.m */ = {isa = PBXFileReference; fileEncoding = 4; lastKnownFileType = sourcecode.c.objc; path = CDemoFeedStore.m; sourceTree = "<group>"; };
		458CE90D0ED7157B00D77DCA /* FeedsViewController.xib */ = {isa = PBXFileReference; lastKnownFileType = file.xib; path = FeedsViewController.xib; sourceTree = "<group>"; };
		458CEC270ED7385D00D77DCA /* snapback.png */ = {isa = PBXFileReference; lastKnownFileType = image.png; path = snapback.png; sourceTree = "<group>"; };
		458CECD70ED7423400D77DCA /* bg.png */ = {isa = PBXFileReference; lastKnownFileType = image.png; path = bg.png; sourceTree = "<group>"; };
		458CECDE0ED7423400D77DCA /* entry.css */ = {isa = PBXFileReference; fileEncoding = 4; lastKnownFileType = text.css; path = entry.css; sourceTree = "<group>"; };
		458CECDF0ED7423400D77DCA /* entry_view.js */ = {isa = PBXFileReference; fileEncoding = 4; lastKnownFileType = sourcecode.javascript; path = entry_view.js; sourceTree = "<group>"; };
		458CECE10ED7423400D77DCA /* event_buttonbg.png */ = {isa = PBXFileReference; lastKnownFileType = image.png; path = event_buttonbg.png; sourceTree = "<group>"; };
		458CECE20ED7423400D77DCA /* events.css */ = {isa = PBXFileReference; fileEncoding = 4; lastKnownFileType = text.css; path = events.css; sourceTree = "<group>"; };
		458CECEB0ED7423400D77DCA /* issues_header.jpg */ = {isa = PBXFileReference; lastKnownFileType = image.jpeg; path = issues_header.jpg; sourceTree = "<group>"; };
		458CECEC0ED7423400D77DCA /* jquery-1.2.6.min.js */ = {isa = PBXFileReference; fileEncoding = 4; lastKnownFileType = sourcecode.javascript; path = "jquery-1.2.6.min.js"; sourceTree = "<group>"; };
		458CECED0ED7423400D77DCA /* pdf_icon.png */ = {isa = PBXFileReference; lastKnownFileType = image.png; path = pdf_icon.png; sourceTree = "<group>"; };
		458CECEF0ED7423400D77DCA /* rcbgbottom.png */ = {isa = PBXFileReference; lastKnownFileType = image.png; path = rcbgbottom.png; sourceTree = "<group>"; };
		458CECF00ED7423400D77DCA /* rcbgtop.png */ = {isa = PBXFileReference; lastKnownFileType = image.png; path = rcbgtop.png; sourceTree = "<group>"; };
		458CECF80ED7423400D77DCA /* template_news.html */ = {isa = PBXFileReference; fileEncoding = 4; lastKnownFileType = text.html; path = template_news.html; sourceTree = "<group>"; };
		458CECFE0ED7423400D77DCA /* whiteclearbuttonlong.png */ = {isa = PBXFileReference; lastKnownFileType = image.png; path = whiteclearbuttonlong.png; sourceTree = "<group>"; };
		45FFD6A40E999890003FFB32 /* CFeed.h */ = {isa = PBXFileReference; fileEncoding = 4; lastKnownFileType = sourcecode.c.h; path = CFeed.h; sourceTree = "<group>"; };
		45FFD6A50E999890003FFB32 /* CFeed.m */ = {isa = PBXFileReference; fileEncoding = 4; lastKnownFileType = sourcecode.c.objc; path = CFeed.m; sourceTree = "<group>"; };
		45FFD6A60E999890003FFB32 /* CFeedEntry.h */ = {isa = PBXFileReference; fileEncoding = 4; lastKnownFileType = sourcecode.c.h; path = CFeedEntry.h; sourceTree = "<group>"; };
		45FFD6A70E999890003FFB32 /* CFeedEntry.m */ = {isa = PBXFileReference; fileEncoding = 4; lastKnownFileType = sourcecode.c.objc; path = CFeedEntry.m; sourceTree = "<group>"; };
		45FFD6AA0E999890003FFB32 /* CFeedStore.h */ = {isa = PBXFileReference; fileEncoding = 4; lastKnownFileType = sourcecode.c.h; path = CFeedStore.h; sourceTree = "<group>"; };
		45FFD6AB0E999890003FFB32 /* CFeedStore.m */ = {isa = PBXFileReference; fileEncoding = 4; lastKnownFileType = sourcecode.c.objc; path = CFeedStore.m; sourceTree = "<group>"; };
		45FFD6B30E999890003FFB32 /* CFeedDeserializer.h */ = {isa = PBXFileReference; fileEncoding = 4; lastKnownFileType = sourcecode.c.h; path = CFeedDeserializer.h; sourceTree = "<group>"; };
		45FFD6B40E999890003FFB32 /* CRSSFeedDeserializer.h */ = {isa = PBXFileReference; fileEncoding = 4; lastKnownFileType = sourcecode.c.h; path = CRSSFeedDeserializer.h; sourceTree = "<group>"; };
		45FFD6B50E999890003FFB32 /* CRSSFeedDeserializer.m */ = {isa = PBXFileReference; fileEncoding = 4; lastKnownFileType = sourcecode.c.objc; path = CRSSFeedDeserializer.m; sourceTree = "<group>"; };
		45FFD6B60E999890003FFB32 /* RSSKeywords.gperf */ = {isa = PBXFileReference; fileEncoding = 4; lastKnownFileType = text; path = RSSKeywords.gperf; sourceTree = "<group>"; };
		45FFD6B70E999890003FFB32 /* RSSKeywords.h */ = {isa = PBXFileReference; fileEncoding = 4; lastKnownFileType = sourcecode.c.h; path = RSSKeywords.h; sourceTree = "<group>"; };
		45FFD6B80E999890003FFB32 /* RSSKeywords.m */ = {isa = PBXFileReference; fileEncoding = 4; lastKnownFileType = sourcecode.c.objc; path = RSSKeywords.m; sourceTree = "<group>"; };
		45FFD6CC0E99989D003FFB32 /* CXMLDocument.h */ = {isa = PBXFileReference; fileEncoding = 4; lastKnownFileType = sourcecode.c.h; path = CXMLDocument.h; sourceTree = "<group>"; };
		45FFD6CD0E99989D003FFB32 /* CXMLDocument.m */ = {isa = PBXFileReference; fileEncoding = 4; lastKnownFileType = sourcecode.c.objc; path = CXMLDocument.m; sourceTree = "<group>"; };
		45FFD6CE0E99989D003FFB32 /* CXMLDocument_PrivateExtensions.h */ = {isa = PBXFileReference; fileEncoding = 4; lastKnownFileType = sourcecode.c.h; path = CXMLDocument_PrivateExtensions.h; sourceTree = "<group>"; };
		45FFD6CF0E99989D003FFB32 /* CXMLDocument_PrivateExtensions.m */ = {isa = PBXFileReference; fileEncoding = 4; lastKnownFileType = sourcecode.c.objc; path = CXMLDocument_PrivateExtensions.m; sourceTree = "<group>"; };
		45FFD6D00E99989D003FFB32 /* CXMLElement.h */ = {isa = PBXFileReference; fileEncoding = 4; lastKnownFileType = sourcecode.c.h; path = CXMLElement.h; sourceTree = "<group>"; };
		45FFD6D10E99989D003FFB32 /* CXMLElement.m */ = {isa = PBXFileReference; fileEncoding = 4; lastKnownFileType = sourcecode.c.objc; path = CXMLElement.m; sourceTree = "<group>"; };
		45FFD6D20E99989D003FFB32 /* CXMLNode.h */ = {isa = PBXFileReference; fileEncoding = 4; lastKnownFileType = sourcecode.c.h; path = CXMLNode.h; sourceTree = "<group>"; };
		45FFD6D30E99989D003FFB32 /* CXMLNode.m */ = {isa = PBXFileReference; fileEncoding = 4; lastKnownFileType = sourcecode.c.objc; path = CXMLNode.m; sourceTree = "<group>"; };
		45FFD6D40E99989D003FFB32 /* CXMLNode_PrivateExtensions.h */ = {isa = PBXFileReference; fileEncoding = 4; lastKnownFileType = sourcecode.c.h; path = CXMLNode_PrivateExtensions.h; sourceTree = "<group>"; };
		45FFD6D50E99989D003FFB32 /* CXMLNode_PrivateExtensions.m */ = {isa = PBXFileReference; fileEncoding = 4; lastKnownFileType = sourcecode.c.objc; path = CXMLNode_PrivateExtensions.m; sourceTree = "<group>"; };
		45FFD6D60E99989D003FFB32 /* CXMLNode_XPathExtensions.h */ = {isa = PBXFileReference; fileEncoding = 4; lastKnownFileType = sourcecode.c.h; path = CXMLNode_XPathExtensions.h; sourceTree = "<group>"; };
		45FFD6D70E99989D003FFB32 /* CXMLNode_XPathExtensions.m */ = {isa = PBXFileReference; fileEncoding = 4; lastKnownFileType = sourcecode.c.objc; path = CXMLNode_XPathExtensions.m; sourceTree = "<group>"; };
		45FFD6D80E99989D003FFB32 /* TouchXML.h */ = {isa = PBXFileReference; fileEncoding = 4; lastKnownFileType = sourcecode.c.h; path = TouchXML.h; sourceTree = "<group>"; };
		45FFDCA60E9999EE003FFB32 /* CEntryWebViewController.h */ = {isa = PBXFileReference; fileEncoding = 4; lastKnownFileType = sourcecode.c.h; path = CEntryWebViewController.h; sourceTree = "<group>"; };
		45FFDCA70E9999EE003FFB32 /* CEntriesViewController.h */ = {isa = PBXFileReference; fileEncoding = 4; lastKnownFileType = sourcecode.c.h; path = CEntriesViewController.h; sourceTree = "<group>"; };
		45FFDCA80E9999EE003FFB32 /* CEntriesViewController.m */ = {isa = PBXFileReference; fileEncoding = 4; lastKnownFileType = sourcecode.c.objc; path = CEntriesViewController.m; sourceTree = "<group>"; };
		45FFDCA90E9999EE003FFB32 /* CEntryTableViewCell.h */ = {isa = PBXFileReference; fileEncoding = 4; lastKnownFileType = sourcecode.c.h; path = CEntryTableViewCell.h; sourceTree = "<group>"; };
		45FFDCAA0E9999EE003FFB32 /* CEntryTableViewCell.m */ = {isa = PBXFileReference; fileEncoding = 4; lastKnownFileType = sourcecode.c.objc; path = CEntryTableViewCell.m; sourceTree = "<group>"; };
		45FFDCAB0E9999EE003FFB32 /* CEntryWebViewController.m */ = {isa = PBXFileReference; fileEncoding = 4; lastKnownFileType = sourcecode.c.objc; path = CEntryWebViewController.m; sourceTree = "<group>"; };
		45FFDD260E999F98003FFB32 /* CEntriesViewController.xib */ = {isa = PBXFileReference; lastKnownFileType = file.xib; path = CEntriesViewController.xib; sourceTree = "<group>"; };
		45FFDD450E99A067003FFB32 /* CEntryTableViewCell.xib */ = {isa = PBXFileReference; lastKnownFileType = file.xib; path = CEntryTableViewCell.xib; sourceTree = "<group>"; };
		45FFDD600E99A16B003FFB32 /* CFeedFetcher.h */ = {isa = PBXFileReference; fileEncoding = 4; lastKnownFileType = sourcecode.c.h; path = CFeedFetcher.h; sourceTree = "<group>"; };
		45FFDD610E99A16B003FFB32 /* CFeedFetcher.m */ = {isa = PBXFileReference; fileEncoding = 4; lastKnownFileType = sourcecode.c.objc; path = CFeedFetcher.m; sourceTree = "<group>"; };
		8D1107310486CEB800E47090 /* Info.plist */ = {isa = PBXFileReference; fileEncoding = 4; lastKnownFileType = text.plist.xml; path = Info.plist; sourceTree = "<group>"; };
/* End PBXFileReference section */

/* Begin PBXFrameworksBuildPhase section */
		1D60588F0D05DD3D006BFB54 /* Frameworks */ = {
			isa = PBXFrameworksBuildPhase;
			buildActionMask = 2147483647;
			files = (
				1D60589F0D05DD5A006BFB54 /* Foundation.framework in Frameworks */,
				1DF5F4E00D08C38300B7A737 /* UIKit.framework in Frameworks */,
				2892E4100DC94CBA00A64D0F /* CoreGraphics.framework in Frameworks */,
			);
			runOnlyForDeploymentPostprocessing = 0;
		};
/* End PBXFrameworksBuildPhase section */

/* Begin PBXGroup section */
		080E96DDFE201D6D7F000001 /* Classes */ = {
			isa = PBXGroup;
			children = (
				1D3623240D0F684500981E51 /* TouchRSS_iPhoneAppDelegate.h */,
				1D3623250D0F684500981E51 /* TouchRSS_iPhoneAppDelegate.m */,
			);
			path = Classes;
			sourceTree = "<group>";
		};
		19C28FACFE9D520D11CA2CBB /* Products */ = {
			isa = PBXGroup;
			children = (
				1D6058910D05DD3D006BFB54 /* TouchRSS_iPhone.app */,
			);
			name = Products;
			sourceTree = "<group>";
		};
		29B97314FDCFA39411CA2CEA /* CustomTemplate */ = {
			isa = PBXGroup;
			children = (
				080E96DDFE201D6D7F000001 /* Classes */,
				29B97317FDCFA39411CA2CEA /* Resources */,
				45FFDD240E999BE4003FFB32 /* TouchRSS UI */,
				45FFD6A30E999890003FFB32 /* TouchRSS */,
				45FFD6C90E99989D003FFB32 /* TouchXML */,
				451C91E40FC0A6DC00DEDE79 /* TouchConnection */,
				457843AD0F6ACD0000DD4148 /* TouchSQL */,
				451C90A80FC0A3C400DEDE79 /* TouchUI */,
				451C91200FC0A3C400DEDE79 /* Support */,
				29B97315FDCFA39411CA2CEA /* Other Sources */,
				29B97323FDCFA39411CA2CEA /* Frameworks */,
				19C28FACFE9D520D11CA2CBB /* Products */,
			);
			name = CustomTemplate;
			sourceTree = "<group>";
		};
		29B97315FDCFA39411CA2CEA /* Other Sources */ = {
			isa = PBXGroup;
			children = (
				28A0AAE50D9B0CCF005BE974 /* TouchRSS_iPhone_Prefix.pch */,
				29B97316FDCFA39411CA2CEA /* main.m */,
			);
			name = "Other Sources";
			sourceTree = "<group>";
		};
		29B97317FDCFA39411CA2CEA /* Resources */ = {
			isa = PBXGroup;
			children = (
				458CEC270ED7385D00D77DCA /* snapback.png */,
				28AD735F0D9D9599002E5188 /* MainWindow.xib */,
				8D1107310486CEB800E47090 /* Info.plist */,
				458CECD50ED7423400D77DCA /* Web */,
			);
			name = Resources;
			sourceTree = "<group>";
		};
		29B97323FDCFA39411CA2CEA /* Frameworks */ = {
			isa = PBXGroup;
			children = (
				1DF5F4DF0D08C38300B7A737 /* UIKit.framework */,
				1D30AB110D05D00D00671497 /* Foundation.framework */,
				2892E40F0DC94CBA00A64D0F /* CoreGraphics.framework */,
			);
			name = Frameworks;
			sourceTree = "<group>";
		};
		451C90A80FC0A3C400DEDE79 /* TouchUI */ = {
			isa = PBXGroup;
			children = (
				451C90A90FC0A3C400DEDE79 /* Common */,
				451C90B60FC0A3C400DEDE79 /* iPhone */,
			);
			name = TouchUI;
			path = ../../../TouchUI;
			sourceTree = SOURCE_ROOT;
		};
		451C90A90FC0A3C400DEDE79 /* Common */ = {
			isa = PBXGroup;
			children = (
				451C90AA0FC0A3C400DEDE79 /* Geometry.h */,
				451C90AB0FC0A3C400DEDE79 /* Geometry.m */,
				451C90B10FC0A3C400DEDE79 /* Quartz */,
			);
			path = Common;
			sourceTree = "<group>";
		};
		451C90B10FC0A3C400DEDE79 /* Quartz */ = {
			isa = PBXGroup;
			children = (
				451C90B20FC0A3C400DEDE79 /* QuartzConvenienceFunctions.h */,
				451C90B30FC0A3C400DEDE79 /* QuartzConvenienceFunctions.m */,
				451C90B40FC0A3C400DEDE79 /* QuartzUtilities.h */,
				451C90B50FC0A3C400DEDE79 /* QuartzUtilities.m */,
			);
			path = Quartz;
			sourceTree = "<group>";
		};
		451C90B60FC0A3C400DEDE79 /* iPhone */ = {
			isa = PBXGroup;
			children = (
				451C90B70FC0A3C400DEDE79 /* Animation */,
				451C90BA0FC0A3C400DEDE79 /* Controllers */,
				451C90C80FC0A3C400DEDE79 /* Events */,
				451C90CB0FC0A3C400DEDE79 /* Extensions */,
				451C90D20FC0A3C400DEDE79 /* ImageViews */,
				451C90DD0FC0A3C400DEDE79 /* TableCells */,
				451C90F10FC0A3C400DEDE79 /* Tables */,
				451C90F80FC0A3C400DEDE79 /* Views */,
			);
			path = iPhone;
			sourceTree = "<group>";
		};
		451C90B70FC0A3C400DEDE79 /* Animation */ = {
			isa = PBXGroup;
			children = (
				451C90B80FC0A3C400DEDE79 /* CWindowViewFlipper.h */,
				451C90B90FC0A3C400DEDE79 /* CWindowViewFlipper.m */,
			);
			path = Animation;
			sourceTree = "<group>";
		};
		451C90BA0FC0A3C400DEDE79 /* Controllers */ = {
			isa = PBXGroup;
			children = (
				451C90BB0FC0A3C400DEDE79 /* CGenericHelperViewController.h */,
				451C90BC0FC0A3C400DEDE79 /* CGenericHelperViewController.m */,
				451C90BD0FC0A3C400DEDE79 /* CGenericTextViewController.h */,
				451C90BE0FC0A3C400DEDE79 /* CGenericTextViewController.m */,
				451C90BF0FC0A3C400DEDE79 /* CTableViewController.h */,
				451C90C00FC0A3C400DEDE79 /* CTableViewController.m */,
				451C90C10FC0A3C400DEDE79 /* WebViewController */,
			);
			path = Controllers;
			sourceTree = "<group>";
		};
		451C90C10FC0A3C400DEDE79 /* WebViewController */ = {
			isa = PBXGroup;
			children = (
				451C90C20FC0A3C400DEDE79 /* browser-back.png */,
				451C90C30FC0A3C400DEDE79 /* browser-forward.png */,
				451C90C40FC0A3C400DEDE79 /* browser-home.png */,
				451C90C50FC0A3C400DEDE79 /* CWebViewController.h */,
				451C90C60FC0A3C400DEDE79 /* CWebViewController.m */,
				451C90C70FC0A3C400DEDE79 /* CWebViewController.xib */,
			);
			path = WebViewController;
			sourceTree = "<group>";
		};
		451C90C80FC0A3C400DEDE79 /* Events */ = {
			isa = PBXGroup;
			children = (
				451C90C90FC0A3C400DEDE79 /* CEventHandler.h */,
				451C90CA0FC0A3C400DEDE79 /* CEventHandler.m */,
			);
			path = Events;
			sourceTree = "<group>";
		};
		451C90CB0FC0A3C400DEDE79 /* Extensions */ = {
			isa = PBXGroup;
			children = (
				451C90CC0FC0A3C400DEDE79 /* UIColor_MoreExtensions.h */,
				451C90CD0FC0A3C400DEDE79 /* UIColor_MoreExtensions.m */,
				451C90CE0FC0A3C400DEDE79 /* UIImage_Extensions.h */,
				451C90CF0FC0A3C400DEDE79 /* UIImage_Extensions.m */,
				451C90D00FC0A3C400DEDE79 /* UIViewController_ErrorExtensions.h */,
				451C90D10FC0A3C400DEDE79 /* UIViewController_ErrorExtensions.m */,
			);
			path = Extensions;
			sourceTree = "<group>";
		};
		451C90D20FC0A3C400DEDE79 /* ImageViews */ = {
			isa = PBXGroup;
			children = (
				451C90D50FC0A3C400DEDE79 /* CImageProvider.h */,
				451C90D60FC0A3C400DEDE79 /* CImageProvider.m */,
				451C90D70FC0A3C400DEDE79 /* CImageViewer.h */,
				451C90D80FC0A3C400DEDE79 /* CImageViewer.m */,
				451C90D90FC0A3C400DEDE79 /* CLoadingImageView.h */,
				451C90DA0FC0A3C400DEDE79 /* CLoadingImageView.m */,
				451C90DB0FC0A3C400DEDE79 /* UIImage_ThumbnailExtensions.h */,
				451C90DC0FC0A3C400DEDE79 /* UIImage_ThumbnailExtensions.m */,
			);
			path = ImageViews;
			sourceTree = "<group>";
		};
		451C90DD0FC0A3C400DEDE79 /* TableCells */ = {
			isa = PBXGroup;
			children = (
				451C90DE0FC0A3C400DEDE79 /* CLabelledTextFieldCell.h */,
				451C90DF0FC0A3C400DEDE79 /* CLabelledTextFieldCell.m */,
				451C90E00FC0A3C400DEDE79 /* CLabelledTextFieldCell.xib */,
				451C90E10FC0A3C400DEDE79 /* ToBeDeprecated */,
			);
			path = TableCells;
			sourceTree = "<group>";
		};
		451C90E10FC0A3C400DEDE79 /* ToBeDeprecated */ = {
			isa = PBXGroup;
			children = (
				451C90E20FC0A3C400DEDE79 /* CLabelledContentTableViewCell.h */,
				451C90E30FC0A3C400DEDE79 /* CLabelledContentTableViewCell.m */,
				451C90E40FC0A3C400DEDE79 /* CLabelledValueTableViewCell.h */,
				451C90E50FC0A3C400DEDE79 /* CLabelledValueTableViewCell.m */,
				451C90E60FC0A3C400DEDE79 /* CMyTableViewCell.h */,
				451C90E70FC0A3C400DEDE79 /* CMyTableViewCell.m */,
				451C90E80FC0A3C400DEDE79 /* CSwitchTableViewCell.h */,
				451C90E90FC0A3C400DEDE79 /* CSwitchTableViewCell.m */,
				451C90EA0FC0A3C400DEDE79 /* CSwitchTableViewCell.xib */,
				451C90EB0FC0A3C400DEDE79 /* CTextViewCell.h */,
				451C90EC0FC0A3C400DEDE79 /* CTextViewCell.m */,
				451C90ED0FC0A3C400DEDE79 /* CTextViewCell.xib */,
				451C90EE0FC0A3C400DEDE79 /* LabelledValueTableViewCell.xib */,
				451C90EF0FC0A3C400DEDE79 /* UITableViewCell_ConvenienceExtensions.h */,
				451C90F00FC0A3C400DEDE79 /* UITableViewCell_ConvenienceExtensions.m */,
			);
			path = ToBeDeprecated;
			sourceTree = "<group>";
		};
		451C90F10FC0A3C400DEDE79 /* Tables */ = {
			isa = PBXGroup;
			children = (
				451C90F20FC0A3C400DEDE79 /* CManagedTableViewController.h */,
				451C90F30FC0A3C400DEDE79 /* CManagedTableViewController.m */,
				451C90F40FC0A3C400DEDE79 /* CTableRow.h */,
				451C90F50FC0A3C400DEDE79 /* CTableRow.m */,
				451C90F60FC0A3C400DEDE79 /* CTableSection.h */,
				451C90F70FC0A3C400DEDE79 /* CTableSection.m */,
			);
			path = Tables;
			sourceTree = "<group>";
		};
		451C90F80FC0A3C400DEDE79 /* Views */ = {
			isa = PBXGroup;
			children = (
				451C90F90FC0A3C400DEDE79 /* CBetterAlertView.h */,
				451C90FA0FC0A3C400DEDE79 /* CBetterAlertView.m */,
				451C90FB0FC0A3C400DEDE79 /* CBorderView.h */,
				451C90FC0FC0A3C400DEDE79 /* CBorderView.m */,
				451C91010FC0A3C400DEDE79 /* CLayoutManagedView.h */,
				451C91020FC0A3C400DEDE79 /* CLayoutManagedView.m */,
				451C91030FC0A3C400DEDE79 /* CLinkActionSheet.h */,
				451C91040FC0A3C400DEDE79 /* CLinkActionSheet.m */,
				451C91050FC0A3C400DEDE79 /* CLinkLabel.h */,
				451C91060FC0A3C400DEDE79 /* CLinkLabel.m */,
				451C91070FC0A3C400DEDE79 /* CProgressOverlayView.h */,
				451C91080FC0A3C400DEDE79 /* CProgressOverlayView.m */,
				451C91090FC0A3C400DEDE79 /* CrossSwitchButton.png */,
				451C910A0FC0A3C400DEDE79 /* CTapView.h */,
				451C910B0FC0A3C400DEDE79 /* CTapView.m */,
				451C910C0FC0A3C400DEDE79 /* UIView_LayoutExtensions.h */,
				451C910D0FC0A3C400DEDE79 /* UIView_LayoutExtensions.m */,
			);
			path = Views;
			sourceTree = "<group>";
		};
		451C91200FC0A3C400DEDE79 /* Support */ = {
			isa = PBXGroup;
			children = (
				451C91210FC0A3C400DEDE79 /* Common */,
				451C91500FC0A3C400DEDE79 /* iPhone */,
			);
			name = Support;
			path = ../../../Support;
			sourceTree = SOURCE_ROOT;
		};
		451C91210FC0A3C400DEDE79 /* Common */ = {
			isa = PBXGroup;
			children = (
				451C91220FC0A3C400DEDE79 /* Base64Transcoder.c */,
				451C91230FC0A3C400DEDE79 /* Base64Transcoder.h */,
				451C91240FC0A3C400DEDE79 /* CHumanDateFormatter.h */,
				451C91250FC0A3C400DEDE79 /* CHumanDateFormatter.m */,
				451C91260FC0A3C400DEDE79 /* CKeyValueStore.h */,
				451C91270FC0A3C400DEDE79 /* CKeyValueStore.m */,
				451C91280FC0A3C400DEDE79 /* CLazyCache.h */,
				451C91290FC0A3C400DEDE79 /* CLazyCache.m */,
				451C912A0FC0A3C400DEDE79 /* CPointerArray.h */,
				451C912B0FC0A3C400DEDE79 /* CPointerArray.m */,
				451C912C0FC0A3C400DEDE79 /* CTempFile.h */,
				451C912D0FC0A3C400DEDE79 /* CTempFile.m */,
				451C912E0FC0A3C400DEDE79 /* CTrivialTemplate.h */,
				451C912F0FC0A3C400DEDE79 /* CTrivialTemplate.m */,
				451C91300FC0A3C400DEDE79 /* CValueTransformer.h */,
				451C91310FC0A3C400DEDE79 /* CValueTransformer.m */,
				451C91320FC0A3C400DEDE79 /* Extensions */,
				451C91480FC0A3C400DEDE79 /* InvocationGrabber */,
				451C914D0FC0A3C400DEDE79 /* URLProtocols */,
			);
			path = Common;
			sourceTree = "<group>";
		};
		451C91320FC0A3C400DEDE79 /* Extensions */ = {
			isa = PBXGroup;
			children = (
				451C91330FC0A3C400DEDE79 /* Dates */,
				451C91380FC0A3C400DEDE79 /* NSFileManager_Extensions.h */,
				451C91390FC0A3C400DEDE79 /* NSFileManager_Extensions.m */,
				451C913A0FC0A3C400DEDE79 /* NSIndexPath_Extensions.h */,
				451C913B0FC0A3C400DEDE79 /* NSIndexPath_Extensions.m */,
				451C913C0FC0A3C400DEDE79 /* NSScanner_Extensions.h */,
				451C913D0FC0A3C400DEDE79 /* NSScanner_Extensions.m */,
				451C913E0FC0A3C400DEDE79 /* NSScanner_HTMLExtensions.h */,
				451C913F0FC0A3C400DEDE79 /* NSScanner_HTMLExtensions.m */,
				451C91400FC0A3C400DEDE79 /* NSString_Extensions.h */,
				451C91410FC0A3C400DEDE79 /* NSString_Extensions.m */,
				451C91420FC0A3C400DEDE79 /* NSURL_Extensions.h */,
				451C91430FC0A3C400DEDE79 /* NSURL_Extensions.m */,
				451C91440FC0A3C400DEDE79 /* NSURL_JSONExtensions.h */,
				451C91450FC0A3C400DEDE79 /* NSURL_JSONExtensions.m */,
				451C91460FC0A3C400DEDE79 /* NSValue_Extensions.h */,
				451C91470FC0A3C400DEDE79 /* NSValue_Extensions.m */,
			);
			path = Extensions;
			sourceTree = "<group>";
		};
		451C91330FC0A3C400DEDE79 /* Dates */ = {
			isa = PBXGroup;
			children = (
				451C91340FC0A3C400DEDE79 /* NSDate_InternetDateExtensions.h */,
				451C91350FC0A3C400DEDE79 /* NSDate_InternetDateExtensions.m */,
				451C91360FC0A3C400DEDE79 /* NSDateFormatter_InternetDateExtensions.h */,
				451C91370FC0A3C400DEDE79 /* NSDateFormatter_InternetDateExtensions.m */,
			);
			path = Dates;
			sourceTree = "<group>";
		};
		451C91480FC0A3C400DEDE79 /* InvocationGrabber */ = {
			isa = PBXGroup;
			children = (
				451C91490FC0A3C400DEDE79 /* CInvocationGrabber.h */,
				451C914A0FC0A3C400DEDE79 /* CInvocationGrabber.m */,
				451C914B0FC0A3C400DEDE79 /* NSObject_InvocationGrabberExtensions.h */,
				451C914C0FC0A3C400DEDE79 /* NSObject_InvocationGrabberExtensions.m */,
			);
			path = InvocationGrabber;
			sourceTree = "<group>";
		};
		451C914D0FC0A3C400DEDE79 /* URLProtocols */ = {
			isa = PBXGroup;
			children = (
				451C914E0FC0A3C400DEDE79 /* CBundleResourceURLProtocol.h */,
				451C914F0FC0A3C400DEDE79 /* CBundleResourceURLProtocol.m */,
			);
			path = URLProtocols;
			sourceTree = "<group>";
		};
		451C91500FC0A3C400DEDE79 /* iPhone */ = {
			isa = PBXGroup;
			children = (
			);
			path = iPhone;
			sourceTree = "<group>";
		};
		451C91E40FC0A6DC00DEDE79 /* TouchConnection */ = {
			isa = PBXGroup;
			children = (
				451C91F40FC0A6DC00DEDE79 /* Source */,
			);
			name = TouchConnection;
			path = ../../../TouchConnection;
			sourceTree = SOURCE_ROOT;
		};
		451C91F40FC0A6DC00DEDE79 /* Source */ = {
			isa = PBXGroup;
			children = (
				451C91F50FC0A6DC00DEDE79 /* Common */,
				451C92000FC0A6DC00DEDE79 /* iPhone */,
			);
			path = Source;
			sourceTree = "<group>";
		};
		451C91F50FC0A6DC00DEDE79 /* Common */ = {
			isa = PBXGroup;
			children = (
				451C91F60FC0A6DC00DEDE79 /* CCompletionTicket.h */,
				451C91F70FC0A6DC00DEDE79 /* CCompletionTicket.m */,
				451C91F80FC0A6DC00DEDE79 /* CFileBasedManagedURLConnection.h */,
				451C91F90FC0A6DC00DEDE79 /* CFileBasedManagedURLConnection.m */,
				451C91FA0FC0A6DC00DEDE79 /* CManagedURLConnection.h */,
				451C91FB0FC0A6DC00DEDE79 /* CManagedURLConnection.m */,
				451C91FC0FC0A6DC00DEDE79 /* CURLConnectionManager.h */,
				451C91FD0FC0A6DC00DEDE79 /* CURLConnectionManager.m */,
				451C91FE0FC0A6DC00DEDE79 /* CURLConnectionManagerChannel.h */,
				451C91FF0FC0A6DC00DEDE79 /* CURLConnectionManagerChannel.m */,
			);
			path = Common;
			sourceTree = "<group>";
		};
		451C92000FC0A6DC00DEDE79 /* iPhone */ = {
			isa = PBXGroup;
			children = (
				451C92010FC0A6DC00DEDE79 /* CNetworkActivityManager.h */,
				451C92020FC0A6DC00DEDE79 /* CNetworkActivityManager.m */,
			);
			path = iPhone;
			sourceTree = "<group>";
		};
		457843AD0F6ACD0000DD4148 /* TouchSQL */ = {
			isa = PBXGroup;
			children = (
				457843BA0F6ACD0000DD4148 /* Source */,
			);
			name = TouchSQL;
			path = ../../../TouchSQL;
			sourceTree = SOURCE_ROOT;
		};
		457843BA0F6ACD0000DD4148 /* Source */ = {
			isa = PBXGroup;
			children = (
				457843BB0F6ACD0000DD4148 /* CSqliteDatabase.h */,
				457843BC0F6ACD0000DD4148 /* CSqliteDatabase.m */,
				457843BD0F6ACD0000DD4148 /* CSqliteDatabase_Extensions.h */,
				457843BE0F6ACD0000DD4148 /* CSqliteDatabase_Extensions.m */,
				457843BF0F6ACD0000DD4148 /* CSqliteDatabase_Functions.h */,
				457843C00F6ACD0000DD4148 /* CSqliteDatabase_Functions.m */,
				457843C10F6ACD0000DD4148 /* CSqliteEnumerator.h */,
				457843C20F6ACD0000DD4148 /* CSqliteEnumerator.m */,
				457843C30F6ACD0000DD4148 /* CSqliteStatement.h */,
				457843C40F6ACD0000DD4148 /* CSqliteStatement.m */,
				457843C50F6ACD0000DD4148 /* Deprecated */,
				457843C80F6ACD0000DD4148 /* Experimental */,
				457843D10F6ACD0000DD4148 /* Support */,
				457843DC0F6ACD0000DD4148 /* TouchSQL.h */,
			);
			path = Source;
			sourceTree = "<group>";
		};
		457843C50F6ACD0000DD4148 /* Deprecated */ = {
			isa = PBXGroup;
			children = (
				457843C60F6ACD0000DD4148 /* CSqliteDatabase_Deprecated.h */,
				457843C70F6ACD0000DD4148 /* CSqliteDatabase_Deprecated.m */,
			);
			path = Deprecated;
			sourceTree = "<group>";
		};
		457843C80F6ACD0000DD4148 /* Experimental */ = {
			isa = PBXGroup;
			children = (
				457843C90F6ACD0000DD4148 /* CObjectTranscoder.h */,
				457843CA0F6ACD0000DD4148 /* CObjectTranscoder.m */,
				457843CB0F6ACD0000DD4148 /* CPersistentObject.h */,
				457843CC0F6ACD0000DD4148 /* CPersistentObject.m */,
				457843CD0F6ACD0000DD4148 /* CPersistentObjectManager.h */,
				457843CE0F6ACD0000DD4148 /* CPersistentObjectManager.m */,
				457843CF0F6ACD0000DD4148 /* CRandomAccessTemporaryTable.h */,
				457843D00F6ACD0000DD4148 /* CRandomAccessTemporaryTable.m */,
			);
			path = Experimental;
			sourceTree = "<group>";
		};
		457843D10F6ACD0000DD4148 /* Support */ = {
			isa = PBXGroup;
			children = (
				457843D20F6ACD0000DD4148 /* NSArray_SqlExtensions.h */,
				457843D30F6ACD0000DD4148 /* NSArray_SqlExtensions.m */,
				457843D40F6ACD0000DD4148 /* NSData_SqlExtensions.h */,
				457843D50F6ACD0000DD4148 /* NSData_SqlExtensions.m */,
				457843D60F6ACD0000DD4148 /* NSDate_SqlExtension.h */,
				457843D70F6ACD0000DD4148 /* NSDate_SqlExtension.m */,
				457843D80F6ACD0000DD4148 /* NSDictionary_SqlExtensions.h */,
				457843D90F6ACD0000DD4148 /* NSDictionary_SqlExtensions.m */,
				457843DA0F6ACD0000DD4148 /* NSString_SqlExtensions.h */,
				457843DB0F6ACD0000DD4148 /* NSString_SqlExtensions.m */,
			);
			path = Support;
			sourceTree = "<group>";
		};
		458CECD50ED7423400D77DCA /* Web */ = {
			isa = PBXGroup;
			children = (
				458CECD70ED7423400D77DCA /* bg.png */,
				458CECDE0ED7423400D77DCA /* entry.css */,
				458CECDF0ED7423400D77DCA /* entry_view.js */,
				458CECE10ED7423400D77DCA /* event_buttonbg.png */,
				458CECE20ED7423400D77DCA /* events.css */,
				458CECEB0ED7423400D77DCA /* issues_header.jpg */,
				458CECEC0ED7423400D77DCA /* jquery-1.2.6.min.js */,
				458CECED0ED7423400D77DCA /* pdf_icon.png */,
				458CECEF0ED7423400D77DCA /* rcbgbottom.png */,
				458CECF00ED7423400D77DCA /* rcbgtop.png */,
				458CECF80ED7423400D77DCA /* template_news.html */,
				458CECFE0ED7423400D77DCA /* whiteclearbuttonlong.png */,
			);
			path = Web;
			sourceTree = "<group>";
		};
		45FFD6A30E999890003FFB32 /* TouchRSS */ = {
			isa = PBXGroup;
			children = (
				458CE8950ED70F3C00D77DCA /* FeedStore.sql */,
				45FFD6A40E999890003FFB32 /* CFeed.h */,
				45FFD6A50E999890003FFB32 /* CFeed.m */,
				45FFD6A60E999890003FFB32 /* CFeedEntry.h */,
				45FFD6A70E999890003FFB32 /* CFeedEntry.m */,
				45FFD6AA0E999890003FFB32 /* CFeedStore.h */,
				45FFD6AB0E999890003FFB32 /* CFeedStore.m */,
				45FFDD600E99A16B003FFB32 /* CFeedFetcher.h */,
				45FFDD610E99A16B003FFB32 /* CFeedFetcher.m */,
				45FFD6AE0E999890003FFB32 /* Deserializers */,
			);
			name = TouchRSS;
			path = ../../Source;
			sourceTree = SOURCE_ROOT;
		};
		45FFD6AE0E999890003FFB32 /* Deserializers */ = {
			isa = PBXGroup;
			children = (
				45FFD6B30E999890003FFB32 /* CFeedDeserializer.h */,
				45FFD6B40E999890003FFB32 /* CRSSFeedDeserializer.h */,
				45FFD6B50E999890003FFB32 /* CRSSFeedDeserializer.m */,
				45FFD6B60E999890003FFB32 /* RSSKeywords.gperf */,
				45FFD6B70E999890003FFB32 /* RSSKeywords.h */,
				45FFD6B80E999890003FFB32 /* RSSKeywords.m */,
			);
			path = Deserializers;
			sourceTree = "<group>";
		};
		45FFD6C90E99989D003FFB32 /* TouchXML */ = {
			isa = PBXGroup;
			children = (
				45FFD6CA0E99989D003FFB32 /* Common */,
			);
			name = TouchXML;
			path = ../../../TouchXML;
			sourceTree = SOURCE_ROOT;
		};
		45FFD6CA0E99989D003FFB32 /* Common */ = {
			isa = PBXGroup;
			children = (
				45FFD6CB0E99989D003FFB32 /* Source */,
			);
			path = Common;
			sourceTree = "<group>";
		};
		45FFD6CB0E99989D003FFB32 /* Source */ = {
			isa = PBXGroup;
			children = (
				45FFD6CC0E99989D003FFB32 /* CXMLDocument.h */,
				45FFD6CD0E99989D003FFB32 /* CXMLDocument.m */,
				45FFD6CE0E99989D003FFB32 /* CXMLDocument_PrivateExtensions.h */,
				45FFD6CF0E99989D003FFB32 /* CXMLDocument_PrivateExtensions.m */,
				45FFD6D00E99989D003FFB32 /* CXMLElement.h */,
				45FFD6D10E99989D003FFB32 /* CXMLElement.m */,
				45FFD6D20E99989D003FFB32 /* CXMLNode.h */,
				45FFD6D30E99989D003FFB32 /* CXMLNode.m */,
				45FFD6D40E99989D003FFB32 /* CXMLNode_PrivateExtensions.h */,
				45FFD6D50E99989D003FFB32 /* CXMLNode_PrivateExtensions.m */,
				45FFD6D60E99989D003FFB32 /* CXMLNode_XPathExtensions.h */,
				45FFD6D70E99989D003FFB32 /* CXMLNode_XPathExtensions.m */,
				45FFD6D80E99989D003FFB32 /* TouchXML.h */,
			);
			path = Source;
			sourceTree = "<group>";
		};
		45FFDD240E999BE4003FFB32 /* TouchRSS UI */ = {
			isa = PBXGroup;
			children = (
				45FFDCA70E9999EE003FFB32 /* CEntriesViewController.h */,
				45FFDCA80E9999EE003FFB32 /* CEntriesViewController.m */,
				45FFDD260E999F98003FFB32 /* CEntriesViewController.xib */,
				45FFDCA90E9999EE003FFB32 /* CEntryTableViewCell.h */,
				45FFDCAA0E9999EE003FFB32 /* CEntryTableViewCell.m */,
				45FFDD450E99A067003FFB32 /* CEntryTableViewCell.xib */,
				45FFDCA60E9999EE003FFB32 /* CEntryWebViewController.h */,
				45FFDCAB0E9999EE003FFB32 /* CEntryWebViewController.m */,
				458CE8FF0ED713DB00D77DCA /* CFeedsViewController.h */,
				458CE9000ED713DB00D77DCA /* CFeedsViewController.m */,
				458CE90D0ED7157B00D77DCA /* FeedsViewController.xib */,
				458CE9020ED7140300D77DCA /* CDemoFeedStore.h */,
				458CE9030ED7140300D77DCA /* CDemoFeedStore.m */,
			);
			name = "TouchRSS UI";
			path = Classes;
			sourceTree = "<group>";
		};
/* End PBXGroup section */

/* Begin PBXNativeTarget section */
		1D6058900D05DD3D006BFB54 /* TouchRSS_iPhone */ = {
			isa = PBXNativeTarget;
			buildConfigurationList = 1D6058960D05DD3E006BFB54 /* Build configuration list for PBXNativeTarget "TouchRSS_iPhone" */;
			buildPhases = (
				1D60588D0D05DD3D006BFB54 /* Resources */,
				1D60588E0D05DD3D006BFB54 /* Sources */,
				1D60588F0D05DD3D006BFB54 /* Frameworks */,
			);
			buildRules = (
				458CE8C30ED70F9500D77DCA /* PBXBuildRule */,
			);
			dependencies = (
			);
			name = TouchRSS_iPhone;
			productName = TouchRSS_iPhone;
			productReference = 1D6058910D05DD3D006BFB54 /* TouchRSS_iPhone.app */;
			productType = "com.apple.product-type.application";
		};
/* End PBXNativeTarget section */

/* Begin PBXProject section */
		29B97313FDCFA39411CA2CEA /* Project object */ = {
			isa = PBXProject;
			buildConfigurationList = C01FCF4E08A954540054247B /* Build configuration list for PBXProject "TouchRSS_iPhone" */;
			compatibilityVersion = "Xcode 3.1";
			hasScannedForEncodings = 1;
			knownRegions = (
				English,
				Japanese,
				French,
				German,
				en,
			);
			mainGroup = 29B97314FDCFA39411CA2CEA /* CustomTemplate */;
			projectDirPath = "";
			projectRoot = "";
			targets = (
				1D6058900D05DD3D006BFB54 /* TouchRSS_iPhone */,
			);
		};
/* End PBXProject section */

/* Begin PBXResourcesBuildPhase section */
		1D60588D0D05DD3D006BFB54 /* Resources */ = {
			isa = PBXResourcesBuildPhase;
			buildActionMask = 2147483647;
			files = (
				28AD73600D9D9599002E5188 /* MainWindow.xib in Resources */,
				45FFD6C50E999890003FFB32 /* RSSKeywords.gperf in Resources */,
				45FFDD270E999F98003FFB32 /* CEntriesViewController.xib in Resources */,
				45FFDD460E99A067003FFB32 /* CEntryTableViewCell.xib in Resources */,
				458CE90E0ED7157B00D77DCA /* FeedsViewController.xib in Resources */,
				458CEC280ED7385D00D77DCA /* snapback.png in Resources */,
				458CED010ED7423400D77DCA /* bg.png in Resources */,
				458CED080ED7423400D77DCA /* entry.css in Resources */,
				458CED0B0ED7423400D77DCA /* event_buttonbg.png in Resources */,
				458CED0C0ED7423400D77DCA /* events.css in Resources */,
				458CED150ED7423400D77DCA /* issues_header.jpg in Resources */,
				458CED170ED7423400D77DCA /* pdf_icon.png in Resources */,
				458CED190ED7423400D77DCA /* rcbgbottom.png in Resources */,
				458CED1A0ED7423400D77DCA /* rcbgtop.png in Resources */,
				458CED220ED7423400D77DCA /* template_news.html in Resources */,
				458CED280ED7423400D77DCA /* whiteclearbuttonlong.png in Resources */,
				451C91620FC0A3C400DEDE79 /* browser-back.png in Resources */,
				451C91630FC0A3C400DEDE79 /* browser-forward.png in Resources */,
				451C91640FC0A3C400DEDE79 /* browser-home.png in Resources */,
				451C91660FC0A3C400DEDE79 /* CWebViewController.xib in Resources */,
				451C91710FC0A3C400DEDE79 /* CLabelledTextFieldCell.xib in Resources */,
				451C91760FC0A3C400DEDE79 /* CSwitchTableViewCell.xib in Resources */,
				451C91780FC0A3C400DEDE79 /* CTextViewCell.xib in Resources */,
				451C91790FC0A3C400DEDE79 /* LabelledValueTableViewCell.xib in Resources */,
				451C91860FC0A3C400DEDE79 /* CrossSwitchButton.png in Resources */,
			);
			runOnlyForDeploymentPostprocessing = 0;
		};
/* End PBXResourcesBuildPhase section */

/* Begin PBXSourcesBuildPhase section */
		1D60588E0D05DD3D006BFB54 /* Sources */ = {
			isa = PBXSourcesBuildPhase;
			buildActionMask = 2147483647;
			files = (
				458CE8960ED70F3C00D77DCA /* FeedStore.sql in Sources */,
				1D60589B0D05DD56006BFB54 /* main.m in Sources */,
				1D3623260D0F684500981E51 /* TouchRSS_iPhoneAppDelegate.m in Sources */,
				45FFD6BD0E999890003FFB32 /* CFeed.m in Sources */,
				45FFD6BE0E999890003FFB32 /* CFeedEntry.m in Sources */,
				45FFD6C00E999890003FFB32 /* CFeedStore.m in Sources */,
				45FFD6C40E999890003FFB32 /* CRSSFeedDeserializer.m in Sources */,
				45FFD6C60E999890003FFB32 /* RSSKeywords.m in Sources */,
				45FFD9680E99989F003FFB32 /* CXMLDocument.m in Sources */,
				45FFD9690E99989F003FFB32 /* CXMLDocument_PrivateExtensions.m in Sources */,
				45FFD96A0E99989F003FFB32 /* CXMLElement.m in Sources */,
				45FFD96B0E99989F003FFB32 /* CXMLNode.m in Sources */,
				45FFD96C0E99989F003FFB32 /* CXMLNode_PrivateExtensions.m in Sources */,
				45FFD96D0E99989F003FFB32 /* CXMLNode_XPathExtensions.m in Sources */,
				45FFDCAC0E9999EE003FFB32 /* CEntriesViewController.m in Sources */,
				45FFDCAD0E9999EE003FFB32 /* CEntryTableViewCell.m in Sources */,
				45FFDCF10E999ACC003FFB32 /* CEntryWebViewController.m in Sources */,
				45FFDD620E99A16B003FFB32 /* CFeedFetcher.m in Sources */,
				458CE9010ED713DB00D77DCA /* CFeedsViewController.m in Sources */,
				458CE9040ED7140300D77DCA /* CDemoFeedStore.m in Sources */,
				458CED090ED7423400D77DCA /* entry_view.js in Sources */,
				458CED160ED7423400D77DCA /* jquery-1.2.6.min.js in Sources */,
				457843ED0F6ACD0000DD4148 /* CSqliteDatabase.m in Sources */,
				457843EE0F6ACD0000DD4148 /* CSqliteDatabase_Extensions.m in Sources */,
				457843EF0F6ACD0000DD4148 /* CSqliteDatabase_Functions.m in Sources */,
				457843F00F6ACD0000DD4148 /* CSqliteEnumerator.m in Sources */,
				457843F10F6ACD0000DD4148 /* CSqliteStatement.m in Sources */,
				457843F20F6ACD0000DD4148 /* CSqliteDatabase_Deprecated.m in Sources */,
				457843F30F6ACD0000DD4148 /* CObjectTranscoder.m in Sources */,
				457843F40F6ACD0000DD4148 /* CPersistentObject.m in Sources */,
				457843F50F6ACD0000DD4148 /* CPersistentObjectManager.m in Sources */,
				457843F60F6ACD0000DD4148 /* CRandomAccessTemporaryTable.m in Sources */,
				457843F70F6ACD0000DD4148 /* NSArray_SqlExtensions.m in Sources */,
				457843F80F6ACD0000DD4148 /* NSData_SqlExtensions.m in Sources */,
				457843F90F6ACD0000DD4148 /* NSDate_SqlExtension.m in Sources */,
				457843FA0F6ACD0000DD4148 /* NSDictionary_SqlExtensions.m in Sources */,
				457843FB0F6ACD0000DD4148 /* NSString_SqlExtensions.m in Sources */,
				451C91590FC0A3C400DEDE79 /* Geometry.m in Sources */,
				451C915C0FC0A3C400DEDE79 /* QuartzConvenienceFunctions.m in Sources */,
				451C915D0FC0A3C400DEDE79 /* QuartzUtilities.m in Sources */,
				451C915E0FC0A3C400DEDE79 /* CWindowViewFlipper.m in Sources */,
				451C915F0FC0A3C400DEDE79 /* CGenericHelperViewController.m in Sources */,
				451C91600FC0A3C400DEDE79 /* CGenericTextViewController.m in Sources */,
				451C91610FC0A3C400DEDE79 /* CTableViewController.m in Sources */,
				451C91650FC0A3C400DEDE79 /* CWebViewController.m in Sources */,
				451C91670FC0A3C400DEDE79 /* CEventHandler.m in Sources */,
				451C91680FC0A3C400DEDE79 /* UIColor_MoreExtensions.m in Sources */,
				451C91690FC0A3C400DEDE79 /* UIImage_Extensions.m in Sources */,
				451C916A0FC0A3C400DEDE79 /* UIViewController_ErrorExtensions.m in Sources */,
				451C916C0FC0A3C400DEDE79 /* CImageProvider.m in Sources */,
				451C916D0FC0A3C400DEDE79 /* CImageViewer.m in Sources */,
				451C916E0FC0A3C400DEDE79 /* CLoadingImageView.m in Sources */,
				451C916F0FC0A3C400DEDE79 /* UIImage_ThumbnailExtensions.m in Sources */,
				451C91700FC0A3C400DEDE79 /* CLabelledTextFieldCell.m in Sources */,
				451C91720FC0A3C400DEDE79 /* CLabelledContentTableViewCell.m in Sources */,
				451C91730FC0A3C400DEDE79 /* CLabelledValueTableViewCell.m in Sources */,
				451C91740FC0A3C400DEDE79 /* CMyTableViewCell.m in Sources */,
				451C91750FC0A3C400DEDE79 /* CSwitchTableViewCell.m in Sources */,
				451C91770FC0A3C400DEDE79 /* CTextViewCell.m in Sources */,
				451C917A0FC0A3C400DEDE79 /* UITableViewCell_ConvenienceExtensions.m in Sources */,
				451C917B0FC0A3C400DEDE79 /* CManagedTableViewController.m in Sources */,
				451C917C0FC0A3C400DEDE79 /* CTableRow.m in Sources */,
				451C917D0FC0A3C400DEDE79 /* CTableSection.m in Sources */,
				451C917E0FC0A3C400DEDE79 /* CBetterAlertView.m in Sources */,
				451C917F0FC0A3C400DEDE79 /* CBorderView.m in Sources */,
				451C91820FC0A3C400DEDE79 /* CLayoutManagedView.m in Sources */,
				451C91830FC0A3C400DEDE79 /* CLinkActionSheet.m in Sources */,
				451C91840FC0A3C400DEDE79 /* CLinkLabel.m in Sources */,
				451C91850FC0A3C400DEDE79 /* CProgressOverlayView.m in Sources */,
				451C91870FC0A3C400DEDE79 /* CTapView.m in Sources */,
				451C91880FC0A3C400DEDE79 /* UIView_LayoutExtensions.m in Sources */,
				451C91910FC0A3C400DEDE79 /* Base64Transcoder.c in Sources */,
				451C91920FC0A3C400DEDE79 /* CHumanDateFormatter.m in Sources */,
				451C91930FC0A3C400DEDE79 /* CKeyValueStore.m in Sources */,
				451C91940FC0A3C400DEDE79 /* CLazyCache.m in Sources */,
				451C91950FC0A3C400DEDE79 /* CPointerArray.m in Sources */,
				451C91960FC0A3C400DEDE79 /* CTempFile.m in Sources */,
				451C91970FC0A3C400DEDE79 /* CTrivialTemplate.m in Sources */,
				451C91980FC0A3C400DEDE79 /* CValueTransformer.m in Sources */,
				451C91990FC0A3C400DEDE79 /* NSDate_InternetDateExtensions.m in Sources */,
				451C919A0FC0A3C400DEDE79 /* NSDateFormatter_InternetDateExtensions.m in Sources */,
				451C919B0FC0A3C400DEDE79 /* NSFileManager_Extensions.m in Sources */,
				451C919C0FC0A3C400DEDE79 /* NSIndexPath_Extensions.m in Sources */,
				451C919D0FC0A3C400DEDE79 /* NSScanner_Extensions.m in Sources */,
				451C919E0FC0A3C400DEDE79 /* NSScanner_HTMLExtensions.m in Sources */,
				451C919F0FC0A3C400DEDE79 /* NSString_Extensions.m in Sources */,
				451C91A00FC0A3C400DEDE79 /* NSURL_Extensions.m in Sources */,
				451C91A10FC0A3C400DEDE79 /* NSURL_JSONExtensions.m in Sources */,
				451C91A20FC0A3C400DEDE79 /* NSValue_Extensions.m in Sources */,
				451C91A30FC0A3C400DEDE79 /* CInvocationGrabber.m in Sources */,
				451C91A40FC0A3C400DEDE79 /* NSObject_InvocationGrabberExtensions.m in Sources */,
				451C91A50FC0A3C400DEDE79 /* CBundleResourceURLProtocol.m in Sources */,
				451C92130FC0A6DC00DEDE79 /* CCompletionTicket.m in Sources */,
				451C92140FC0A6DC00DEDE79 /* CFileBasedManagedURLConnection.m in Sources */,
				451C92150FC0A6DC00DEDE79 /* CManagedURLConnection.m in Sources */,
				451C92160FC0A6DC00DEDE79 /* CURLConnectionManager.m in Sources */,
				451C92170FC0A6DC00DEDE79 /* CURLConnectionManagerChannel.m in Sources */,
				451C92180FC0A6DC00DEDE79 /* CNetworkActivityManager.m in Sources */,
			);
			runOnlyForDeploymentPostprocessing = 0;
		};
/* End PBXSourcesBuildPhase section */

/* Begin XCBuildConfiguration section */
		1D6058940D05DD3E006BFB54 /* Debug */ = {
			isa = XCBuildConfiguration;
			buildSettings = {
				ALWAYS_SEARCH_USER_PATHS = NO;
				COPY_PHASE_STRIP = NO;
				GCC_DYNAMIC_NO_PIC = NO;
				GCC_OPTIMIZATION_LEVEL = 0;
				GCC_PRECOMPILE_PREFIX_HEADER = YES;
				GCC_PREFIX_HEADER = TouchRSS_iPhone_Prefix.pch;
				HEADER_SEARCH_PATHS = /usr/include/libxml2;
				INFOPLIST_FILE = Info.plist;
				OTHER_LDFLAGS = (
					"-lsqlite3",
					"-lxml2",
				);
				PRODUCT_NAME = TouchRSS_iPhone;
			};
			name = Debug;
		};
		1D6058950D05DD3E006BFB54 /* Release */ = {
			isa = XCBuildConfiguration;
			buildSettings = {
				ALWAYS_SEARCH_USER_PATHS = NO;
				COPY_PHASE_STRIP = YES;
				GCC_PRECOMPILE_PREFIX_HEADER = YES;
				GCC_PREFIX_HEADER = TouchRSS_iPhone_Prefix.pch;
				INFOPLIST_FILE = Info.plist;
				PRODUCT_NAME = TouchRSS_iPhone;
			};
			name = Release;
		};
		C01FCF4F08A954540054247B /* Debug */ = {
			isa = XCBuildConfiguration;
			buildSettings = {
				ARCHS = "$(ARCHS_STANDARD_32_BIT)";
				"CODE_SIGN_IDENTITY[sdk=iphoneos*]" = "iPhone Developer";
				GCC_C_LANGUAGE_STANDARD = c99;
				GCC_WARN_ABOUT_RETURN_TYPE = YES;
				GCC_WARN_UNUSED_VARIABLE = YES;
				ONLY_ACTIVE_ARCH = YES;
				PREBINDING = NO;
				SDKROOT = iphoneos2.1;
			};
			name = Debug;
		};
		C01FCF5008A954540054247B /* Release */ = {
			isa = XCBuildConfiguration;
			buildSettings = {
				ARCHS = "$(ARCHS_STANDARD_32_BIT)";
				"CODE_SIGN_IDENTITY[sdk=iphoneos*]" = "iPhone Developer";
				GCC_C_LANGUAGE_STANDARD = c99;
				GCC_WARN_ABOUT_RETURN_TYPE = YES;
				GCC_WARN_UNUSED_VARIABLE = YES;
				PREBINDING = NO;
				SDKROOT = iphoneos2.1;
			};
			name = Release;
		};
/* End XCBuildConfiguration section */

/* Begin XCConfigurationList section */
		1D6058960D05DD3E006BFB54 /* Build configuration list for PBXNativeTarget "TouchRSS_iPhone" */ = {
			isa = XCConfigurationList;
			buildConfigurations = (
				1D6058940D05DD3E006BFB54 /* Debug */,
				1D6058950D05DD3E006BFB54 /* Release */,
			);
			defaultConfigurationIsVisible = 0;
			defaultConfigurationName = Release;
		};
		C01FCF4E08A954540054247B /* Build configuration list for PBXProject "TouchRSS_iPhone" */ = {
			isa = XCConfigurationList;
			buildConfigurations = (
				C01FCF4F08A954540054247B /* Debug */,
				C01FCF5008A954540054247B /* Release */,
			);
			defaultConfigurationIsVisible = 0;
			defaultConfigurationName = Release;
		};
/* End XCConfigurationList section */
	};
	rootObject = 29B97313FDCFA39411CA2CEA /* Project object */;
}
